
Microsoft Visual Studio Solution File, Format Version 12.00
# Visual Studio Version 17
VisualStudioVersion = 17.0.31903.59
MinimumVisualStudioVersion = 10.0.40219.1
Project("{2150E333-8FDC-42A3-9474-1A3956D46DE8}") = "src", "src", "{827E0CD3-B72D-47B6-A68D-7590B98EB39B}"
EndProject
Project("{FAE04EC0-301F-11D3-BF4B-00C04F79EFBC}") = "Shared", "src\Shared\Shared.csproj", "{B8A726BE-802D-4CED-9139-90DE2F4E246A}"
EndProject
Project("{2150E333-8FDC-42A3-9474-1A3956D46DE8}") = "PhotographerPlatform.Analytics", "PhotographerPlatform.Analytics", "{7632630B-4D15-46D3-6515-E2CE0555A302}"
EndProject
Project("{FAE04EC0-301F-11D3-BF4B-00C04F79EFBC}") = "PhotographerPlatform.Analytics.Api", "src\PhotographerPlatform.Analytics\PhotographerPlatform.Analytics.Api\PhotographerPlatform.Analytics.Api.csproj", "{307A867F-7D94-4FA5-A80E-9B76BD6EF2A7}"
EndProject
Project("{FAE04EC0-301F-11D3-BF4B-00C04F79EFBC}") = "PhotographerPlatform.Analytics.Core", "src\PhotographerPlatform.Analytics\PhotographerPlatform.Analytics.Core\PhotographerPlatform.Analytics.Core.csproj", "{1DB16392-F8C2-4789-9CEB-7F42843AD923}"
EndProject
Project("{FAE04EC0-301F-11D3-BF4B-00C04F79EFBC}") = "PhotographerPlatform.Analytics.Infrastructure", "src\PhotographerPlatform.Analytics\PhotographerPlatform.Analytics.Infrastructure\PhotographerPlatform.Analytics.Infrastructure.csproj", "{E7797323-FC99-44F3-B1BF-B26FBFE9806A}"
EndProject
Project("{2150E333-8FDC-42A3-9474-1A3956D46DE8}") = "PhotographerPlatform.Billing", "PhotographerPlatform.Billing", "{A8B27417-A550-F4B5-D790-1CC34E509D4B}"
EndProject
Project("{FAE04EC0-301F-11D3-BF4B-00C04F79EFBC}") = "PhotographerPlatform.Billing.Api", "src\PhotographerPlatform.Billing\PhotographerPlatform.Billing.Api\PhotographerPlatform.Billing.Api.csproj", "{9C252668-D7E4-47DE-9D67-943702272F61}"
EndProject
Project("{FAE04EC0-301F-11D3-BF4B-00C04F79EFBC}") = "PhotographerPlatform.Billing.Core", "src\PhotographerPlatform.Billing\PhotographerPlatform.Billing.Core\PhotographerPlatform.Billing.Core.csproj", "{0EDF0807-45BE-4F22-9275-556A52A7EBDB}"
EndProject
Project("{FAE04EC0-301F-11D3-BF4B-00C04F79EFBC}") = "PhotographerPlatform.Billing.Infrastructure", "src\PhotographerPlatform.Billing\PhotographerPlatform.Billing.Infrastructure\PhotographerPlatform.Billing.Infrastructure.csproj", "{F20EDA51-C045-40A7-9ECD-6744DFF4706A}"
EndProject
Project("{2150E333-8FDC-42A3-9474-1A3956D46DE8}") = "PhotographerPlatform.Communication", "PhotographerPlatform.Communication", "{35A30F4F-5AD9-7020-F005-9FCD52F91FBD}"
EndProject
Project("{FAE04EC0-301F-11D3-BF4B-00C04F79EFBC}") = "PhotographerPlatform.Communication.Api", "src\PhotographerPlatform.Communication\PhotographerPlatform.Communication.Api\PhotographerPlatform.Communication.Api.csproj", "{69761A60-73C7-4AB3-ACE0-950B4B35ADC9}"
EndProject
Project("{FAE04EC0-301F-11D3-BF4B-00C04F79EFBC}") = "PhotographerPlatform.Communication.Core", "src\PhotographerPlatform.Communication\PhotographerPlatform.Communication.Core\PhotographerPlatform.Communication.Core.csproj", "{B3E6DA41-BD75-424E-8072-03FA0E90EE21}"
EndProject
Project("{FAE04EC0-301F-11D3-BF4B-00C04F79EFBC}") = "PhotographerPlatform.Communication.Infrastructure", "src\PhotographerPlatform.Communication\PhotographerPlatform.Communication.Infrastructure\PhotographerPlatform.Communication.Infrastructure.csproj", "{8434BA51-D7D2-4B0A-8004-6F43E82C3FE0}"
EndProject
Project("{2150E333-8FDC-42A3-9474-1A3956D46DE8}") = "PhotographerPlatform.Galleries", "PhotographerPlatform.Galleries", "{F5EEC540-47DF-A31D-1FFF-F5BA6ADE97F2}"
EndProject
Project("{FAE04EC0-301F-11D3-BF4B-00C04F79EFBC}") = "PhotographerPlatform.Galleries.Api", "src\PhotographerPlatform.Galleries\PhotographerPlatform.Galleries.Api\PhotographerPlatform.Galleries.Api.csproj", "{2F634234-9C58-44C6-AE61-7065F4D9776A}"
EndProject
Project("{FAE04EC0-301F-11D3-BF4B-00C04F79EFBC}") = "PhotographerPlatform.Galleries.Core", "src\PhotographerPlatform.Galleries\PhotographerPlatform.Galleries.Core\PhotographerPlatform.Galleries.Core.csproj", "{8A19183A-09CC-45F6-9E13-67C75F49E6F3}"
EndProject
Project("{FAE04EC0-301F-11D3-BF4B-00C04F79EFBC}") = "PhotographerPlatform.Galleries.Infrastructure", "src\PhotographerPlatform.Galleries\PhotographerPlatform.Galleries.Infrastructure\PhotographerPlatform.Galleries.Infrastructure.csproj", "{69783B42-F52C-4C55-88BE-BD921C85EB04}"
EndProject
Project("{2150E333-8FDC-42A3-9474-1A3956D46DE8}") = "PhotographerPlatform.Identity", "PhotographerPlatform.Identity", "{E587810E-5C94-DF75-D9FE-C11C32E9F953}"
EndProject
Project("{FAE04EC0-301F-11D3-BF4B-00C04F79EFBC}") = "PhotographerPlatform.Identity.Api", "src\PhotographerPlatform.Identity\PhotographerPlatform.Identity.Api\PhotographerPlatform.Identity.Api.csproj", "{482B383D-974B-4AEB-9B33-6A3DB558E436}"
EndProject
Project("{FAE04EC0-301F-11D3-BF4B-00C04F79EFBC}") = "PhotographerPlatform.Identity.Core", "src\PhotographerPlatform.Identity\PhotographerPlatform.Identity.Core\PhotographerPlatform.Identity.Core.csproj", "{4736B535-087E-46F1-956D-72A6F001E10C}"
EndProject
Project("{FAE04EC0-301F-11D3-BF4B-00C04F79EFBC}") = "PhotographerPlatform.Identity.Infrastructure", "src\PhotographerPlatform.Identity\PhotographerPlatform.Identity.Infrastructure\PhotographerPlatform.Identity.Infrastructure.csproj", "{29EC45C4-72E1-4942-9E0D-88611A1DF4E2}"
EndProject
Project("{2150E333-8FDC-42A3-9474-1A3956D46DE8}") = "PhotographerPlatform.Integrations", "PhotographerPlatform.Integrations", "{B373314E-EC9C-9BAB-3AC1-C83B51DA2E4D}"
EndProject
Project("{FAE04EC0-301F-11D3-BF4B-00C04F79EFBC}") = "PhotographerPlatform.Integrations.Api", "src\PhotographerPlatform.Integrations\PhotographerPlatform.Integrations.Api\PhotographerPlatform.Integrations.Api.csproj", "{1EAA9F62-A23B-465D-AF29-AA6FB4A0BFAD}"
EndProject
Project("{FAE04EC0-301F-11D3-BF4B-00C04F79EFBC}") = "PhotographerPlatform.Integrations.Core", "src\PhotographerPlatform.Integrations\PhotographerPlatform.Integrations.Core\PhotographerPlatform.Integrations.Core.csproj", "{1F6FC876-F806-4AA9-B63F-92FACA2A2F8A}"
EndProject
Project("{FAE04EC0-301F-11D3-BF4B-00C04F79EFBC}") = "PhotographerPlatform.Integrations.Infrastructure", "src\PhotographerPlatform.Integrations\PhotographerPlatform.Integrations.Infrastructure\PhotographerPlatform.Integrations.Infrastructure.csproj", "{B8AEF7FF-AD3F-490E-9F05-D2E1D5A87B0B}"
EndProject
Project("{2150E333-8FDC-42A3-9474-1A3956D46DE8}") = "PhotographerPlatform.Security", "PhotographerPlatform.Security", "{011F9A2C-8D9B-95E7-C054-82D934B6724E}"
EndProject
Project("{FAE04EC0-301F-11D3-BF4B-00C04F79EFBC}") = "PhotographerPlatform.Security.Api", "src\PhotographerPlatform.Security\PhotographerPlatform.Security.Api\PhotographerPlatform.Security.Api.csproj", "{11EB9375-DF8A-463F-9E26-B6CA4F11366E}"
EndProject
Project("{FAE04EC0-301F-11D3-BF4B-00C04F79EFBC}") = "PhotographerPlatform.Security.Core", "src\PhotographerPlatform.Security\PhotographerPlatform.Security.Core\PhotographerPlatform.Security.Core.csproj", "{DF33FF15-0D62-4C72-803A-88E2AAE236E0}"
EndProject
Project("{FAE04EC0-301F-11D3-BF4B-00C04F79EFBC}") = "PhotographerPlatform.Security.Infrastructure", "src\PhotographerPlatform.Security\PhotographerPlatform.Security.Infrastructure\PhotographerPlatform.Security.Infrastructure.csproj", "{676BE033-BB7C-4419-B068-B6BDAF9D5D2B}"
EndProject
Project("{2150E333-8FDC-42A3-9474-1A3956D46DE8}") = "PhotographerPlatform.Store", "PhotographerPlatform.Store", "{257B30B3-2BB9-D379-B394-A0CBD5E836A3}"
EndProject
Project("{FAE04EC0-301F-11D3-BF4B-00C04F79EFBC}") = "PhotographerPlatform.Store.Api", "src\PhotographerPlatform.Store\PhotographerPlatform.Store.Api\PhotographerPlatform.Store.Api.csproj", "{D05EB509-6E10-49E5-8605-25303E431EA1}"
EndProject
Project("{FAE04EC0-301F-11D3-BF4B-00C04F79EFBC}") = "PhotographerPlatform.Store.Core", "src\PhotographerPlatform.Store\PhotographerPlatform.Store.Core\PhotographerPlatform.Store.Core.csproj", "{7E1C75E6-4079-425C-AD3E-FDDE3B262D79}"
EndProject
Project("{FAE04EC0-301F-11D3-BF4B-00C04F79EFBC}") = "PhotographerPlatform.Store.Infrastructure", "src\PhotographerPlatform.Store\PhotographerPlatform.Store.Infrastructure\PhotographerPlatform.Store.Infrastructure.csproj", "{430C1F04-91DA-4917-8999-0C38E3045267}"
EndProject
Project("{2150E333-8FDC-42A3-9474-1A3956D46DE8}") = "PhotographerPlatform.Support", "PhotographerPlatform.Support", "{27CFAA2E-DB9F-001C-69DA-2F4AAAA5298E}"
EndProject
Project("{FAE04EC0-301F-11D3-BF4B-00C04F79EFBC}") = "PhotographerPlatform.Support.Api", "src\PhotographerPlatform.Support\PhotographerPlatform.Support.Api\PhotographerPlatform.Support.Api.csproj", "{BE077A89-E277-4FAE-8D3D-7378FED14BF2}"
EndProject
Project("{FAE04EC0-301F-11D3-BF4B-00C04F79EFBC}") = "PhotographerPlatform.Support.Core", "src\PhotographerPlatform.Support\PhotographerPlatform.Support.Core\PhotographerPlatform.Support.Core.csproj", "{B7308E42-70C4-43A0-BAE1-D46334799E28}"
EndProject
Project("{FAE04EC0-301F-11D3-BF4B-00C04F79EFBC}") = "PhotographerPlatform.Support.Infrastructure", "src\PhotographerPlatform.Support\PhotographerPlatform.Support.Infrastructure\PhotographerPlatform.Support.Infrastructure.csproj", "{ED3A0820-2FB3-4360-B45D-6AAE4D1E28BD}"
EndProject
Project("{2150E333-8FDC-42A3-9474-1A3956D46DE8}") = "PhotographerPlatform.Websites", "PhotographerPlatform.Websites", "{5A889923-46CF-099C-1212-DBA4BE51EDEB}"
EndProject
Project("{FAE04EC0-301F-11D3-BF4B-00C04F79EFBC}") = "PhotographerPlatform.Websites.Api", "src\PhotographerPlatform.Websites\PhotographerPlatform.Websites.Api\PhotographerPlatform.Websites.Api.csproj", "{04686325-3430-492C-826E-B9B5A01E5B80}"
EndProject
Project("{FAE04EC0-301F-11D3-BF4B-00C04F79EFBC}") = "PhotographerPlatform.Websites.Core", "src\PhotographerPlatform.Websites\PhotographerPlatform.Websites.Core\PhotographerPlatform.Websites.Core.csproj", "{12E59349-E958-4D36-97E0-2E28E13C0F8A}"
EndProject
Project("{FAE04EC0-301F-11D3-BF4B-00C04F79EFBC}") = "PhotographerPlatform.Websites.Infrastructure", "src\PhotographerPlatform.Websites\PhotographerPlatform.Websites.Infrastructure\PhotographerPlatform.Websites.Infrastructure.csproj", "{322649F9-6A7D-4244-9062-F42122DA6A25}"
EndProject
Project("{2150E333-8FDC-42A3-9474-1A3956D46DE8}") = "PhotographerPlatform.Workspace", "PhotographerPlatform.Workspace", "{7E50BA02-A1B6-5CFC-EB43-C74CD4CB8479}"
EndProject
Project("{FAE04EC0-301F-11D3-BF4B-00C04F79EFBC}") = "PhotographerPlatform.Workspace.Api", "src\PhotographerPlatform.Workspace\PhotographerPlatform.Workspace.Api\PhotographerPlatform.Workspace.Api.csproj", "{E34F8F80-8475-4F64-BE7A-C2A461B1A3EE}"
EndProject
Project("{FAE04EC0-301F-11D3-BF4B-00C04F79EFBC}") = "PhotographerPlatform.Workspace.Core", "src\PhotographerPlatform.Workspace\PhotographerPlatform.Workspace.Core\PhotographerPlatform.Workspace.Core.csproj", "{F674A292-7992-43B3-9A6A-C003914120B0}"
EndProject
Project("{FAE04EC0-301F-11D3-BF4B-00C04F79EFBC}") = "PhotographerPlatform.Workspace.Infrastructure", "src\PhotographerPlatform.Workspace\PhotographerPlatform.Workspace.Infrastructure\PhotographerPlatform.Workspace.Infrastructure.csproj", "{B9A483EE-C414-48F9-9BD3-0FF2129A9F3F}"
EndProject
Project("{2150E333-8FDC-42A3-9474-1A3956D46DE8}") = "tests", "tests", "{0AB3BF05-4346-4AA6-1389-037BE0695223}"
EndProject
Project("{FAE04EC0-301F-11D3-BF4B-00C04F79EFBC}") = "PhotographerPlatform.Analytics.Api.Tests", "tests\PhotographerPlatform.Analytics.Api.Tests\PhotographerPlatform.Analytics.Api.Tests.csproj", "{97B2BEE4-11AD-4585-8F48-985634958CDF}"
EndProject
Project("{FAE04EC0-301F-11D3-BF4B-00C04F79EFBC}") = "PhotographerPlatform.Analytics.Core.Tests", "tests\PhotographerPlatform.Analytics.Core.Tests\PhotographerPlatform.Analytics.Core.Tests.csproj", "{74D4BDE5-6A13-4216-A9DB-AE6F727B86E9}"
EndProject
Project("{FAE04EC0-301F-11D3-BF4B-00C04F79EFBC}") = "PhotographerPlatform.Analytics.Infrastructure.Tests", "tests\PhotographerPlatform.Analytics.Infrastructure.Tests\PhotographerPlatform.Analytics.Infrastructure.Tests.csproj", "{3CD1E107-0C00-4A59-BE72-C2EE9C8C8669}"
EndProject
Project("{FAE04EC0-301F-11D3-BF4B-00C04F79EFBC}") = "PhotographerPlatform.Billing.Api.Tests", "tests\PhotographerPlatform.Billing.Api.Tests\PhotographerPlatform.Billing.Api.Tests.csproj", "{B71FEF85-7AAC-4DF7-BFE0-60A6052AF459}"
EndProject
Project("{FAE04EC0-301F-11D3-BF4B-00C04F79EFBC}") = "PhotographerPlatform.Billing.Core.Tests", "tests\PhotographerPlatform.Billing.Core.Tests\PhotographerPlatform.Billing.Core.Tests.csproj", "{09EDC75E-7CDD-40AD-ADF9-179683909A43}"
EndProject
Project("{FAE04EC0-301F-11D3-BF4B-00C04F79EFBC}") = "PhotographerPlatform.Billing.Infrastructure.Tests", "tests\PhotographerPlatform.Billing.Infrastructure.Tests\PhotographerPlatform.Billing.Infrastructure.Tests.csproj", "{F83264BC-94EC-41B1-8134-28FEE79EFE28}"
EndProject
Project("{FAE04EC0-301F-11D3-BF4B-00C04F79EFBC}") = "PhotographerPlatform.Communication.Api.Tests", "tests\PhotographerPlatform.Communication.Api.Tests\PhotographerPlatform.Communication.Api.Tests.csproj", "{2C971907-A3A2-4439-95C7-3436AC9446A1}"
EndProject
Project("{FAE04EC0-301F-11D3-BF4B-00C04F79EFBC}") = "PhotographerPlatform.Communication.Core.Tests", "tests\PhotographerPlatform.Communication.Core.Tests\PhotographerPlatform.Communication.Core.Tests.csproj", "{B802E276-A6A2-4196-93D4-B1803DF42D46}"
EndProject
Project("{FAE04EC0-301F-11D3-BF4B-00C04F79EFBC}") = "PhotographerPlatform.Communication.Infrastructure.Tests", "tests\PhotographerPlatform.Communication.Infrastructure.Tests\PhotographerPlatform.Communication.Infrastructure.Tests.csproj", "{B35368E2-4021-4B0E-B76D-28A78B31354C}"
EndProject
Project("{FAE04EC0-301F-11D3-BF4B-00C04F79EFBC}") = "PhotographerPlatform.Galleries.Api.Tests", "tests\PhotographerPlatform.Galleries.Api.Tests\PhotographerPlatform.Galleries.Api.Tests.csproj", "{02A8F306-A782-408A-B137-87020FE5A0D9}"
EndProject
Project("{FAE04EC0-301F-11D3-BF4B-00C04F79EFBC}") = "PhotographerPlatform.Galleries.Core.Tests", "tests\PhotographerPlatform.Galleries.Core.Tests\PhotographerPlatform.Galleries.Core.Tests.csproj", "{BEC93CEB-8872-43F3-B3C2-2AA6ABEEF857}"
EndProject
Project("{FAE04EC0-301F-11D3-BF4B-00C04F79EFBC}") = "PhotographerPlatform.Galleries.Infrastructure.Tests", "tests\PhotographerPlatform.Galleries.Infrastructure.Tests\PhotographerPlatform.Galleries.Infrastructure.Tests.csproj", "{EF54A406-AA7C-4939-A44B-3FBC5571BE0B}"
EndProject
Project("{FAE04EC0-301F-11D3-BF4B-00C04F79EFBC}") = "PhotographerPlatform.Identity.Api.Tests", "tests\PhotographerPlatform.Identity.Api.Tests\PhotographerPlatform.Identity.Api.Tests.csproj", "{C0256CAA-98CB-4C41-8A7F-7E6530BFD36E}"
EndProject
Project("{FAE04EC0-301F-11D3-BF4B-00C04F79EFBC}") = "PhotographerPlatform.Identity.Core.Tests", "tests\PhotographerPlatform.Identity.Core.Tests\PhotographerPlatform.Identity.Core.Tests.csproj", "{5F6170A8-F9E0-4B17-901B-D5695D745936}"
EndProject
Project("{FAE04EC0-301F-11D3-BF4B-00C04F79EFBC}") = "PhotographerPlatform.Identity.Infrastructure.Tests", "tests\PhotographerPlatform.Identity.Infrastructure.Tests\PhotographerPlatform.Identity.Infrastructure.Tests.csproj", "{B58E2152-B6A2-4720-981E-B95FDA47D929}"
EndProject
Project("{FAE04EC0-301F-11D3-BF4B-00C04F79EFBC}") = "PhotographerPlatform.Integrations.Api.Tests", "tests\PhotographerPlatform.Integrations.Api.Tests\PhotographerPlatform.Integrations.Api.Tests.csproj", "{F277CD98-2C66-4513-939D-05716B57AA94}"
EndProject
Project("{FAE04EC0-301F-11D3-BF4B-00C04F79EFBC}") = "PhotographerPlatform.Integrations.Core.Tests", "tests\PhotographerPlatform.Integrations.Core.Tests\PhotographerPlatform.Integrations.Core.Tests.csproj", "{1CCA09B2-BA06-47EB-9502-8D8DE72F030B}"
EndProject
Project("{FAE04EC0-301F-11D3-BF4B-00C04F79EFBC}") = "PhotographerPlatform.Integrations.Infrastructure.Tests", "tests\PhotographerPlatform.Integrations.Infrastructure.Tests\PhotographerPlatform.Integrations.Infrastructure.Tests.csproj", "{97B2E2C5-8EA7-4C0E-99E1-F71B6F1FD41D}"
EndProject
Project("{FAE04EC0-301F-11D3-BF4B-00C04F79EFBC}") = "PhotographerPlatform.Security.Api.Tests", "tests\PhotographerPlatform.Security.Api.Tests\PhotographerPlatform.Security.Api.Tests.csproj", "{A8B6F04C-D88D-4ACB-85B7-0013FB3529CF}"
EndProject
Project("{FAE04EC0-301F-11D3-BF4B-00C04F79EFBC}") = "PhotographerPlatform.Security.Core.Tests", "tests\PhotographerPlatform.Security.Core.Tests\PhotographerPlatform.Security.Core.Tests.csproj", "{4764965D-B4D5-4E43-ADEA-20803E7F3F17}"
EndProject
Project("{FAE04EC0-301F-11D3-BF4B-00C04F79EFBC}") = "PhotographerPlatform.Security.Infrastructure.Tests", "tests\PhotographerPlatform.Security.Infrastructure.Tests\PhotographerPlatform.Security.Infrastructure.Tests.csproj", "{22930D0F-BA49-4101-90C8-0BC319AEB53B}"
EndProject
Project("{FAE04EC0-301F-11D3-BF4B-00C04F79EFBC}") = "PhotographerPlatform.Store.Api.Tests", "tests\PhotographerPlatform.Store.Api.Tests\PhotographerPlatform.Store.Api.Tests.csproj", "{05361BD7-9CDF-4E74-B41E-C9FF87BB110F}"
EndProject
Project("{FAE04EC0-301F-11D3-BF4B-00C04F79EFBC}") = "PhotographerPlatform.Store.Core.Tests", "tests\PhotographerPlatform.Store.Core.Tests\PhotographerPlatform.Store.Core.Tests.csproj", "{B45FE1B5-5B33-48AD-A4DE-51F1D5566E12}"
EndProject
Project("{FAE04EC0-301F-11D3-BF4B-00C04F79EFBC}") = "PhotographerPlatform.Store.Infrastructure.Tests", "tests\PhotographerPlatform.Store.Infrastructure.Tests\PhotographerPlatform.Store.Infrastructure.Tests.csproj", "{1AECF3A0-6E88-4AA5-8A38-CD288C113277}"
EndProject
Project("{FAE04EC0-301F-11D3-BF4B-00C04F79EFBC}") = "PhotographerPlatform.Support.Api.Tests", "tests\PhotographerPlatform.Support.Api.Tests\PhotographerPlatform.Support.Api.Tests.csproj", "{C647990A-B9AA-484D-8170-A978B02D5991}"
EndProject
Project("{FAE04EC0-301F-11D3-BF4B-00C04F79EFBC}") = "PhotographerPlatform.Support.Core.Tests", "tests\PhotographerPlatform.Support.Core.Tests\PhotographerPlatform.Support.Core.Tests.csproj", "{B779213E-206B-40FD-8E58-4F521B149908}"
EndProject
Project("{FAE04EC0-301F-11D3-BF4B-00C04F79EFBC}") = "PhotographerPlatform.Support.Infrastructure.Tests", "tests\PhotographerPlatform.Support.Infrastructure.Tests\PhotographerPlatform.Support.Infrastructure.Tests.csproj", "{31E6640F-F05C-418F-A843-F007A40449ED}"
EndProject
Project("{FAE04EC0-301F-11D3-BF4B-00C04F79EFBC}") = "PhotographerPlatform.Websites.Api.Tests", "tests\PhotographerPlatform.Websites.Api.Tests\PhotographerPlatform.Websites.Api.Tests.csproj", "{26396F34-3118-4B13-B81B-3D2DF9C5F04B}"
EndProject
Project("{FAE04EC0-301F-11D3-BF4B-00C04F79EFBC}") = "PhotographerPlatform.Websites.Core.Tests", "tests\PhotographerPlatform.Websites.Core.Tests\PhotographerPlatform.Websites.Core.Tests.csproj", "{B9D374B2-30AA-44A8-A05E-F41FFBB0E852}"
EndProject
Project("{FAE04EC0-301F-11D3-BF4B-00C04F79EFBC}") = "PhotographerPlatform.Websites.Infrastructure.Tests", "tests\PhotographerPlatform.Websites.Infrastructure.Tests\PhotographerPlatform.Websites.Infrastructure.Tests.csproj", "{2C9CBD0E-5AFB-4723-BDE2-C15D775A7049}"
EndProject
Project("{FAE04EC0-301F-11D3-BF4B-00C04F79EFBC}") = "PhotographerPlatform.Workspace.Api.Tests", "tests\PhotographerPlatform.Workspace.Api.Tests\PhotographerPlatform.Workspace.Api.Tests.csproj", "{91D4122E-3DEA-420C-BDAC-7D0A19010CC3}"
EndProject
Project("{FAE04EC0-301F-11D3-BF4B-00C04F79EFBC}") = "PhotographerPlatform.Workspace.Core.Tests", "tests\PhotographerPlatform.Workspace.Core.Tests\PhotographerPlatform.Workspace.Core.Tests.csproj", "{906F4674-D2B0-49AC-B04E-B3E6B7007DEE}"
EndProject
Project("{FAE04EC0-301F-11D3-BF4B-00C04F79EFBC}") = "PhotographerPlatform.Workspace.Infrastructure.Tests", "tests\PhotographerPlatform.Workspace.Infrastructure.Tests\PhotographerPlatform.Workspace.Infrastructure.Tests.csproj", "{275DEF80-C1D7-4B27-A9F4-EDAFA454F734}"
EndProject
Project("{FAE04EC0-301F-11D3-BF4B-00C04F79EFBC}") = "Shared.Tests", "tests\Shared.Tests\Shared.Tests.csproj", "{D785B158-09A0-4FBF-B7BC-BBF10314FBF3}"
EndProject
Project("{FAE04EC0-301F-11D3-BF4B-00C04F79EFBC}") = "PhotographerPlatform.ApiGateway", "src\PhotographerPlatform.ApiGateway\PhotographerPlatform.ApiGateway.csproj", "{852A8B6A-BF96-4856-AB1D-93DC0394AE4D}"
EndProject
Project("{FAE04EC0-301F-11D3-BF4B-00C04F79EFBC}") = "PhotographerPlatform.ApiGateway.Tests", "tests\PhotographerPlatform.ApiGateway.Tests\PhotographerPlatform.ApiGateway.Tests.csproj", "{109B3FE9-566D-470B-B22B-70F889B797D4}"
EndProject
Global
	GlobalSection(SolutionConfigurationPlatforms) = preSolution
		Debug|Any CPU = Debug|Any CPU
		Debug|x64 = Debug|x64
		Debug|x86 = Debug|x86
		Release|Any CPU = Release|Any CPU
		Release|x64 = Release|x64
		Release|x86 = Release|x86
	EndGlobalSection
	GlobalSection(ProjectConfigurationPlatforms) = postSolution
		{B8A726BE-802D-4CED-9139-90DE2F4E246A}.Debug|Any CPU.ActiveCfg = Debug|Any CPU
		{B8A726BE-802D-4CED-9139-90DE2F4E246A}.Debug|Any CPU.Build.0 = Debug|Any CPU
		{B8A726BE-802D-4CED-9139-90DE2F4E246A}.Debug|x64.ActiveCfg = Debug|Any CPU
		{B8A726BE-802D-4CED-9139-90DE2F4E246A}.Debug|x64.Build.0 = Debug|Any CPU
		{B8A726BE-802D-4CED-9139-90DE2F4E246A}.Debug|x86.ActiveCfg = Debug|Any CPU
		{B8A726BE-802D-4CED-9139-90DE2F4E246A}.Debug|x86.Build.0 = Debug|Any CPU
		{B8A726BE-802D-4CED-9139-90DE2F4E246A}.Release|Any CPU.ActiveCfg = Release|Any CPU
		{B8A726BE-802D-4CED-9139-90DE2F4E246A}.Release|Any CPU.Build.0 = Release|Any CPU
		{B8A726BE-802D-4CED-9139-90DE2F4E246A}.Release|x64.ActiveCfg = Release|Any CPU
		{B8A726BE-802D-4CED-9139-90DE2F4E246A}.Release|x64.Build.0 = Release|Any CPU
		{B8A726BE-802D-4CED-9139-90DE2F4E246A}.Release|x86.ActiveCfg = Release|Any CPU
		{B8A726BE-802D-4CED-9139-90DE2F4E246A}.Release|x86.Build.0 = Release|Any CPU
		{307A867F-7D94-4FA5-A80E-9B76BD6EF2A7}.Debug|Any CPU.ActiveCfg = Debug|Any CPU
		{307A867F-7D94-4FA5-A80E-9B76BD6EF2A7}.Debug|Any CPU.Build.0 = Debug|Any CPU
		{307A867F-7D94-4FA5-A80E-9B76BD6EF2A7}.Debug|x64.ActiveCfg = Debug|Any CPU
		{307A867F-7D94-4FA5-A80E-9B76BD6EF2A7}.Debug|x64.Build.0 = Debug|Any CPU
		{307A867F-7D94-4FA5-A80E-9B76BD6EF2A7}.Debug|x86.ActiveCfg = Debug|Any CPU
		{307A867F-7D94-4FA5-A80E-9B76BD6EF2A7}.Debug|x86.Build.0 = Debug|Any CPU
		{307A867F-7D94-4FA5-A80E-9B76BD6EF2A7}.Release|Any CPU.ActiveCfg = Release|Any CPU
		{307A867F-7D94-4FA5-A80E-9B76BD6EF2A7}.Release|Any CPU.Build.0 = Release|Any CPU
		{307A867F-7D94-4FA5-A80E-9B76BD6EF2A7}.Release|x64.ActiveCfg = Release|Any CPU
		{307A867F-7D94-4FA5-A80E-9B76BD6EF2A7}.Release|x64.Build.0 = Release|Any CPU
		{307A867F-7D94-4FA5-A80E-9B76BD6EF2A7}.Release|x86.ActiveCfg = Release|Any CPU
		{307A867F-7D94-4FA5-A80E-9B76BD6EF2A7}.Release|x86.Build.0 = Release|Any CPU
		{1DB16392-F8C2-4789-9CEB-7F42843AD923}.Debug|Any CPU.ActiveCfg = Debug|Any CPU
		{1DB16392-F8C2-4789-9CEB-7F42843AD923}.Debug|Any CPU.Build.0 = Debug|Any CPU
		{1DB16392-F8C2-4789-9CEB-7F42843AD923}.Debug|x64.ActiveCfg = Debug|Any CPU
		{1DB16392-F8C2-4789-9CEB-7F42843AD923}.Debug|x64.Build.0 = Debug|Any CPU
		{1DB16392-F8C2-4789-9CEB-7F42843AD923}.Debug|x86.ActiveCfg = Debug|Any CPU
		{1DB16392-F8C2-4789-9CEB-7F42843AD923}.Debug|x86.Build.0 = Debug|Any CPU
		{1DB16392-F8C2-4789-9CEB-7F42843AD923}.Release|Any CPU.ActiveCfg = Release|Any CPU
		{1DB16392-F8C2-4789-9CEB-7F42843AD923}.Release|Any CPU.Build.0 = Release|Any CPU
		{1DB16392-F8C2-4789-9CEB-7F42843AD923}.Release|x64.ActiveCfg = Release|Any CPU
		{1DB16392-F8C2-4789-9CEB-7F42843AD923}.Release|x64.Build.0 = Release|Any CPU
		{1DB16392-F8C2-4789-9CEB-7F42843AD923}.Release|x86.ActiveCfg = Release|Any CPU
		{1DB16392-F8C2-4789-9CEB-7F42843AD923}.Release|x86.Build.0 = Release|Any CPU
		{E7797323-FC99-44F3-B1BF-B26FBFE9806A}.Debug|Any CPU.ActiveCfg = Debug|Any CPU
		{E7797323-FC99-44F3-B1BF-B26FBFE9806A}.Debug|Any CPU.Build.0 = Debug|Any CPU
		{E7797323-FC99-44F3-B1BF-B26FBFE9806A}.Debug|x64.ActiveCfg = Debug|Any CPU
		{E7797323-FC99-44F3-B1BF-B26FBFE9806A}.Debug|x64.Build.0 = Debug|Any CPU
		{E7797323-FC99-44F3-B1BF-B26FBFE9806A}.Debug|x86.ActiveCfg = Debug|Any CPU
		{E7797323-FC99-44F3-B1BF-B26FBFE9806A}.Debug|x86.Build.0 = Debug|Any CPU
		{E7797323-FC99-44F3-B1BF-B26FBFE9806A}.Release|Any CPU.ActiveCfg = Release|Any CPU
		{E7797323-FC99-44F3-B1BF-B26FBFE9806A}.Release|Any CPU.Build.0 = Release|Any CPU
		{E7797323-FC99-44F3-B1BF-B26FBFE9806A}.Release|x64.ActiveCfg = Release|Any CPU
		{E7797323-FC99-44F3-B1BF-B26FBFE9806A}.Release|x64.Build.0 = Release|Any CPU
		{E7797323-FC99-44F3-B1BF-B26FBFE9806A}.Release|x86.ActiveCfg = Release|Any CPU
		{E7797323-FC99-44F3-B1BF-B26FBFE9806A}.Release|x86.Build.0 = Release|Any CPU
		{9C252668-D7E4-47DE-9D67-943702272F61}.Debug|Any CPU.ActiveCfg = Debug|Any CPU
		{9C252668-D7E4-47DE-9D67-943702272F61}.Debug|Any CPU.Build.0 = Debug|Any CPU
		{9C252668-D7E4-47DE-9D67-943702272F61}.Debug|x64.ActiveCfg = Debug|Any CPU
		{9C252668-D7E4-47DE-9D67-943702272F61}.Debug|x64.Build.0 = Debug|Any CPU
		{9C252668-D7E4-47DE-9D67-943702272F61}.Debug|x86.ActiveCfg = Debug|Any CPU
		{9C252668-D7E4-47DE-9D67-943702272F61}.Debug|x86.Build.0 = Debug|Any CPU
		{9C252668-D7E4-47DE-9D67-943702272F61}.Release|Any CPU.ActiveCfg = Release|Any CPU
		{9C252668-D7E4-47DE-9D67-943702272F61}.Release|Any CPU.Build.0 = Release|Any CPU
		{9C252668-D7E4-47DE-9D67-943702272F61}.Release|x64.ActiveCfg = Release|Any CPU
		{9C252668-D7E4-47DE-9D67-943702272F61}.Release|x64.Build.0 = Release|Any CPU
		{9C252668-D7E4-47DE-9D67-943702272F61}.Release|x86.ActiveCfg = Release|Any CPU
		{9C252668-D7E4-47DE-9D67-943702272F61}.Release|x86.Build.0 = Release|Any CPU
		{0EDF0807-45BE-4F22-9275-556A52A7EBDB}.Debug|Any CPU.ActiveCfg = Debug|Any CPU
		{0EDF0807-45BE-4F22-9275-556A52A7EBDB}.Debug|Any CPU.Build.0 = Debug|Any CPU
		{0EDF0807-45BE-4F22-9275-556A52A7EBDB}.Debug|x64.ActiveCfg = Debug|Any CPU
		{0EDF0807-45BE-4F22-9275-556A52A7EBDB}.Debug|x64.Build.0 = Debug|Any CPU
		{0EDF0807-45BE-4F22-9275-556A52A7EBDB}.Debug|x86.ActiveCfg = Debug|Any CPU
		{0EDF0807-45BE-4F22-9275-556A52A7EBDB}.Debug|x86.Build.0 = Debug|Any CPU
		{0EDF0807-45BE-4F22-9275-556A52A7EBDB}.Release|Any CPU.ActiveCfg = Release|Any CPU
		{0EDF0807-45BE-4F22-9275-556A52A7EBDB}.Release|Any CPU.Build.0 = Release|Any CPU
		{0EDF0807-45BE-4F22-9275-556A52A7EBDB}.Release|x64.ActiveCfg = Release|Any CPU
		{0EDF0807-45BE-4F22-9275-556A52A7EBDB}.Release|x64.Build.0 = Release|Any CPU
		{0EDF0807-45BE-4F22-9275-556A52A7EBDB}.Release|x86.ActiveCfg = Release|Any CPU
		{0EDF0807-45BE-4F22-9275-556A52A7EBDB}.Release|x86.Build.0 = Release|Any CPU
		{F20EDA51-C045-40A7-9ECD-6744DFF4706A}.Debug|Any CPU.ActiveCfg = Debug|Any CPU
		{F20EDA51-C045-40A7-9ECD-6744DFF4706A}.Debug|Any CPU.Build.0 = Debug|Any CPU
		{F20EDA51-C045-40A7-9ECD-6744DFF4706A}.Debug|x64.ActiveCfg = Debug|Any CPU
		{F20EDA51-C045-40A7-9ECD-6744DFF4706A}.Debug|x64.Build.0 = Debug|Any CPU
		{F20EDA51-C045-40A7-9ECD-6744DFF4706A}.Debug|x86.ActiveCfg = Debug|Any CPU
		{F20EDA51-C045-40A7-9ECD-6744DFF4706A}.Debug|x86.Build.0 = Debug|Any CPU
		{F20EDA51-C045-40A7-9ECD-6744DFF4706A}.Release|Any CPU.ActiveCfg = Release|Any CPU
		{F20EDA51-C045-40A7-9ECD-6744DFF4706A}.Release|Any CPU.Build.0 = Release|Any CPU
		{F20EDA51-C045-40A7-9ECD-6744DFF4706A}.Release|x64.ActiveCfg = Release|Any CPU
		{F20EDA51-C045-40A7-9ECD-6744DFF4706A}.Release|x64.Build.0 = Release|Any CPU
		{F20EDA51-C045-40A7-9ECD-6744DFF4706A}.Release|x86.ActiveCfg = Release|Any CPU
		{F20EDA51-C045-40A7-9ECD-6744DFF4706A}.Release|x86.Build.0 = Release|Any CPU
		{69761A60-73C7-4AB3-ACE0-950B4B35ADC9}.Debug|Any CPU.ActiveCfg = Debug|Any CPU
		{69761A60-73C7-4AB3-ACE0-950B4B35ADC9}.Debug|Any CPU.Build.0 = Debug|Any CPU
		{69761A60-73C7-4AB3-ACE0-950B4B35ADC9}.Debug|x64.ActiveCfg = Debug|Any CPU
		{69761A60-73C7-4AB3-ACE0-950B4B35ADC9}.Debug|x64.Build.0 = Debug|Any CPU
		{69761A60-73C7-4AB3-ACE0-950B4B35ADC9}.Debug|x86.ActiveCfg = Debug|Any CPU
		{69761A60-73C7-4AB3-ACE0-950B4B35ADC9}.Debug|x86.Build.0 = Debug|Any CPU
		{69761A60-73C7-4AB3-ACE0-950B4B35ADC9}.Release|Any CPU.ActiveCfg = Release|Any CPU
		{69761A60-73C7-4AB3-ACE0-950B4B35ADC9}.Release|Any CPU.Build.0 = Release|Any CPU
		{69761A60-73C7-4AB3-ACE0-950B4B35ADC9}.Release|x64.ActiveCfg = Release|Any CPU
		{69761A60-73C7-4AB3-ACE0-950B4B35ADC9}.Release|x64.Build.0 = Release|Any CPU
		{69761A60-73C7-4AB3-ACE0-950B4B35ADC9}.Release|x86.ActiveCfg = Release|Any CPU
		{69761A60-73C7-4AB3-ACE0-950B4B35ADC9}.Release|x86.Build.0 = Release|Any CPU
		{B3E6DA41-BD75-424E-8072-03FA0E90EE21}.Debug|Any CPU.ActiveCfg = Debug|Any CPU
		{B3E6DA41-BD75-424E-8072-03FA0E90EE21}.Debug|Any CPU.Build.0 = Debug|Any CPU
		{B3E6DA41-BD75-424E-8072-03FA0E90EE21}.Debug|x64.ActiveCfg = Debug|Any CPU
		{B3E6DA41-BD75-424E-8072-03FA0E90EE21}.Debug|x64.Build.0 = Debug|Any CPU
		{B3E6DA41-BD75-424E-8072-03FA0E90EE21}.Debug|x86.ActiveCfg = Debug|Any CPU
		{B3E6DA41-BD75-424E-8072-03FA0E90EE21}.Debug|x86.Build.0 = Debug|Any CPU
		{B3E6DA41-BD75-424E-8072-03FA0E90EE21}.Release|Any CPU.ActiveCfg = Release|Any CPU
		{B3E6DA41-BD75-424E-8072-03FA0E90EE21}.Release|Any CPU.Build.0 = Release|Any CPU
		{B3E6DA41-BD75-424E-8072-03FA0E90EE21}.Release|x64.ActiveCfg = Release|Any CPU
		{B3E6DA41-BD75-424E-8072-03FA0E90EE21}.Release|x64.Build.0 = Release|Any CPU
		{B3E6DA41-BD75-424E-8072-03FA0E90EE21}.Release|x86.ActiveCfg = Release|Any CPU
		{B3E6DA41-BD75-424E-8072-03FA0E90EE21}.Release|x86.Build.0 = Release|Any CPU
		{8434BA51-D7D2-4B0A-8004-6F43E82C3FE0}.Debug|Any CPU.ActiveCfg = Debug|Any CPU
		{8434BA51-D7D2-4B0A-8004-6F43E82C3FE0}.Debug|Any CPU.Build.0 = Debug|Any CPU
		{8434BA51-D7D2-4B0A-8004-6F43E82C3FE0}.Debug|x64.ActiveCfg = Debug|Any CPU
		{8434BA51-D7D2-4B0A-8004-6F43E82C3FE0}.Debug|x64.Build.0 = Debug|Any CPU
		{8434BA51-D7D2-4B0A-8004-6F43E82C3FE0}.Debug|x86.ActiveCfg = Debug|Any CPU
		{8434BA51-D7D2-4B0A-8004-6F43E82C3FE0}.Debug|x86.Build.0 = Debug|Any CPU
		{8434BA51-D7D2-4B0A-8004-6F43E82C3FE0}.Release|Any CPU.ActiveCfg = Release|Any CPU
		{8434BA51-D7D2-4B0A-8004-6F43E82C3FE0}.Release|Any CPU.Build.0 = Release|Any CPU
		{8434BA51-D7D2-4B0A-8004-6F43E82C3FE0}.Release|x64.ActiveCfg = Release|Any CPU
		{8434BA51-D7D2-4B0A-8004-6F43E82C3FE0}.Release|x64.Build.0 = Release|Any CPU
		{8434BA51-D7D2-4B0A-8004-6F43E82C3FE0}.Release|x86.ActiveCfg = Release|Any CPU
		{8434BA51-D7D2-4B0A-8004-6F43E82C3FE0}.Release|x86.Build.0 = Release|Any CPU
		{2F634234-9C58-44C6-AE61-7065F4D9776A}.Debug|Any CPU.ActiveCfg = Debug|Any CPU
		{2F634234-9C58-44C6-AE61-7065F4D9776A}.Debug|Any CPU.Build.0 = Debug|Any CPU
		{2F634234-9C58-44C6-AE61-7065F4D9776A}.Debug|x64.ActiveCfg = Debug|Any CPU
		{2F634234-9C58-44C6-AE61-7065F4D9776A}.Debug|x64.Build.0 = Debug|Any CPU
		{2F634234-9C58-44C6-AE61-7065F4D9776A}.Debug|x86.ActiveCfg = Debug|Any CPU
		{2F634234-9C58-44C6-AE61-7065F4D9776A}.Debug|x86.Build.0 = Debug|Any CPU
		{2F634234-9C58-44C6-AE61-7065F4D9776A}.Release|Any CPU.ActiveCfg = Release|Any CPU
		{2F634234-9C58-44C6-AE61-7065F4D9776A}.Release|Any CPU.Build.0 = Release|Any CPU
		{2F634234-9C58-44C6-AE61-7065F4D9776A}.Release|x64.ActiveCfg = Release|Any CPU
		{2F634234-9C58-44C6-AE61-7065F4D9776A}.Release|x64.Build.0 = Release|Any CPU
		{2F634234-9C58-44C6-AE61-7065F4D9776A}.Release|x86.ActiveCfg = Release|Any CPU
		{2F634234-9C58-44C6-AE61-7065F4D9776A}.Release|x86.Build.0 = Release|Any CPU
		{8A19183A-09CC-45F6-9E13-67C75F49E6F3}.Debug|Any CPU.ActiveCfg = Debug|Any CPU
		{8A19183A-09CC-45F6-9E13-67C75F49E6F3}.Debug|Any CPU.Build.0 = Debug|Any CPU
		{8A19183A-09CC-45F6-9E13-67C75F49E6F3}.Debug|x64.ActiveCfg = Debug|Any CPU
		{8A19183A-09CC-45F6-9E13-67C75F49E6F3}.Debug|x64.Build.0 = Debug|Any CPU
		{8A19183A-09CC-45F6-9E13-67C75F49E6F3}.Debug|x86.ActiveCfg = Debug|Any CPU
		{8A19183A-09CC-45F6-9E13-67C75F49E6F3}.Debug|x86.Build.0 = Debug|Any CPU
		{8A19183A-09CC-45F6-9E13-67C75F49E6F3}.Release|Any CPU.ActiveCfg = Release|Any CPU
		{8A19183A-09CC-45F6-9E13-67C75F49E6F3}.Release|Any CPU.Build.0 = Release|Any CPU
		{8A19183A-09CC-45F6-9E13-67C75F49E6F3}.Release|x64.ActiveCfg = Release|Any CPU
		{8A19183A-09CC-45F6-9E13-67C75F49E6F3}.Release|x64.Build.0 = Release|Any CPU
		{8A19183A-09CC-45F6-9E13-67C75F49E6F3}.Release|x86.ActiveCfg = Release|Any CPU
		{8A19183A-09CC-45F6-9E13-67C75F49E6F3}.Release|x86.Build.0 = Release|Any CPU
		{69783B42-F52C-4C55-88BE-BD921C85EB04}.Debug|Any CPU.ActiveCfg = Debug|Any CPU
		{69783B42-F52C-4C55-88BE-BD921C85EB04}.Debug|Any CPU.Build.0 = Debug|Any CPU
		{69783B42-F52C-4C55-88BE-BD921C85EB04}.Debug|x64.ActiveCfg = Debug|Any CPU
		{69783B42-F52C-4C55-88BE-BD921C85EB04}.Debug|x64.Build.0 = Debug|Any CPU
		{69783B42-F52C-4C55-88BE-BD921C85EB04}.Debug|x86.ActiveCfg = Debug|Any CPU
		{69783B42-F52C-4C55-88BE-BD921C85EB04}.Debug|x86.Build.0 = Debug|Any CPU
		{69783B42-F52C-4C55-88BE-BD921C85EB04}.Release|Any CPU.ActiveCfg = Release|Any CPU
		{69783B42-F52C-4C55-88BE-BD921C85EB04}.Release|Any CPU.Build.0 = Release|Any CPU
		{69783B42-F52C-4C55-88BE-BD921C85EB04}.Release|x64.ActiveCfg = Release|Any CPU
		{69783B42-F52C-4C55-88BE-BD921C85EB04}.Release|x64.Build.0 = Release|Any CPU
		{69783B42-F52C-4C55-88BE-BD921C85EB04}.Release|x86.ActiveCfg = Release|Any CPU
		{69783B42-F52C-4C55-88BE-BD921C85EB04}.Release|x86.Build.0 = Release|Any CPU
		{482B383D-974B-4AEB-9B33-6A3DB558E436}.Debug|Any CPU.ActiveCfg = Debug|Any CPU
		{482B383D-974B-4AEB-9B33-6A3DB558E436}.Debug|Any CPU.Build.0 = Debug|Any CPU
		{482B383D-974B-4AEB-9B33-6A3DB558E436}.Debug|x64.ActiveCfg = Debug|Any CPU
		{482B383D-974B-4AEB-9B33-6A3DB558E436}.Debug|x64.Build.0 = Debug|Any CPU
		{482B383D-974B-4AEB-9B33-6A3DB558E436}.Debug|x86.ActiveCfg = Debug|Any CPU
		{482B383D-974B-4AEB-9B33-6A3DB558E436}.Debug|x86.Build.0 = Debug|Any CPU
		{482B383D-974B-4AEB-9B33-6A3DB558E436}.Release|Any CPU.ActiveCfg = Release|Any CPU
		{482B383D-974B-4AEB-9B33-6A3DB558E436}.Release|Any CPU.Build.0 = Release|Any CPU
		{482B383D-974B-4AEB-9B33-6A3DB558E436}.Release|x64.ActiveCfg = Release|Any CPU
		{482B383D-974B-4AEB-9B33-6A3DB558E436}.Release|x64.Build.0 = Release|Any CPU
		{482B383D-974B-4AEB-9B33-6A3DB558E436}.Release|x86.ActiveCfg = Release|Any CPU
		{482B383D-974B-4AEB-9B33-6A3DB558E436}.Release|x86.Build.0 = Release|Any CPU
		{4736B535-087E-46F1-956D-72A6F001E10C}.Debug|Any CPU.ActiveCfg = Debug|Any CPU
		{4736B535-087E-46F1-956D-72A6F001E10C}.Debug|Any CPU.Build.0 = Debug|Any CPU
		{4736B535-087E-46F1-956D-72A6F001E10C}.Debug|x64.ActiveCfg = Debug|Any CPU
		{4736B535-087E-46F1-956D-72A6F001E10C}.Debug|x64.Build.0 = Debug|Any CPU
		{4736B535-087E-46F1-956D-72A6F001E10C}.Debug|x86.ActiveCfg = Debug|Any CPU
		{4736B535-087E-46F1-956D-72A6F001E10C}.Debug|x86.Build.0 = Debug|Any CPU
		{4736B535-087E-46F1-956D-72A6F001E10C}.Release|Any CPU.ActiveCfg = Release|Any CPU
		{4736B535-087E-46F1-956D-72A6F001E10C}.Release|Any CPU.Build.0 = Release|Any CPU
		{4736B535-087E-46F1-956D-72A6F001E10C}.Release|x64.ActiveCfg = Release|Any CPU
		{4736B535-087E-46F1-956D-72A6F001E10C}.Release|x64.Build.0 = Release|Any CPU
		{4736B535-087E-46F1-956D-72A6F001E10C}.Release|x86.ActiveCfg = Release|Any CPU
		{4736B535-087E-46F1-956D-72A6F001E10C}.Release|x86.Build.0 = Release|Any CPU
		{29EC45C4-72E1-4942-9E0D-88611A1DF4E2}.Debug|Any CPU.ActiveCfg = Debug|Any CPU
		{29EC45C4-72E1-4942-9E0D-88611A1DF4E2}.Debug|Any CPU.Build.0 = Debug|Any CPU
		{29EC45C4-72E1-4942-9E0D-88611A1DF4E2}.Debug|x64.ActiveCfg = Debug|Any CPU
		{29EC45C4-72E1-4942-9E0D-88611A1DF4E2}.Debug|x64.Build.0 = Debug|Any CPU
		{29EC45C4-72E1-4942-9E0D-88611A1DF4E2}.Debug|x86.ActiveCfg = Debug|Any CPU
		{29EC45C4-72E1-4942-9E0D-88611A1DF4E2}.Debug|x86.Build.0 = Debug|Any CPU
		{29EC45C4-72E1-4942-9E0D-88611A1DF4E2}.Release|Any CPU.ActiveCfg = Release|Any CPU
		{29EC45C4-72E1-4942-9E0D-88611A1DF4E2}.Release|Any CPU.Build.0 = Release|Any CPU
		{29EC45C4-72E1-4942-9E0D-88611A1DF4E2}.Release|x64.ActiveCfg = Release|Any CPU
		{29EC45C4-72E1-4942-9E0D-88611A1DF4E2}.Release|x64.Build.0 = Release|Any CPU
		{29EC45C4-72E1-4942-9E0D-88611A1DF4E2}.Release|x86.ActiveCfg = Release|Any CPU
		{29EC45C4-72E1-4942-9E0D-88611A1DF4E2}.Release|x86.Build.0 = Release|Any CPU
		{1EAA9F62-A23B-465D-AF29-AA6FB4A0BFAD}.Debug|Any CPU.ActiveCfg = Debug|Any CPU
		{1EAA9F62-A23B-465D-AF29-AA6FB4A0BFAD}.Debug|Any CPU.Build.0 = Debug|Any CPU
		{1EAA9F62-A23B-465D-AF29-AA6FB4A0BFAD}.Debug|x64.ActiveCfg = Debug|Any CPU
		{1EAA9F62-A23B-465D-AF29-AA6FB4A0BFAD}.Debug|x64.Build.0 = Debug|Any CPU
		{1EAA9F62-A23B-465D-AF29-AA6FB4A0BFAD}.Debug|x86.ActiveCfg = Debug|Any CPU
		{1EAA9F62-A23B-465D-AF29-AA6FB4A0BFAD}.Debug|x86.Build.0 = Debug|Any CPU
		{1EAA9F62-A23B-465D-AF29-AA6FB4A0BFAD}.Release|Any CPU.ActiveCfg = Release|Any CPU
		{1EAA9F62-A23B-465D-AF29-AA6FB4A0BFAD}.Release|Any CPU.Build.0 = Release|Any CPU
		{1EAA9F62-A23B-465D-AF29-AA6FB4A0BFAD}.Release|x64.ActiveCfg = Release|Any CPU
		{1EAA9F62-A23B-465D-AF29-AA6FB4A0BFAD}.Release|x64.Build.0 = Release|Any CPU
		{1EAA9F62-A23B-465D-AF29-AA6FB4A0BFAD}.Release|x86.ActiveCfg = Release|Any CPU
		{1EAA9F62-A23B-465D-AF29-AA6FB4A0BFAD}.Release|x86.Build.0 = Release|Any CPU
		{1F6FC876-F806-4AA9-B63F-92FACA2A2F8A}.Debug|Any CPU.ActiveCfg = Debug|Any CPU
		{1F6FC876-F806-4AA9-B63F-92FACA2A2F8A}.Debug|Any CPU.Build.0 = Debug|Any CPU
		{1F6FC876-F806-4AA9-B63F-92FACA2A2F8A}.Debug|x64.ActiveCfg = Debug|Any CPU
		{1F6FC876-F806-4AA9-B63F-92FACA2A2F8A}.Debug|x64.Build.0 = Debug|Any CPU
		{1F6FC876-F806-4AA9-B63F-92FACA2A2F8A}.Debug|x86.ActiveCfg = Debug|Any CPU
		{1F6FC876-F806-4AA9-B63F-92FACA2A2F8A}.Debug|x86.Build.0 = Debug|Any CPU
		{1F6FC876-F806-4AA9-B63F-92FACA2A2F8A}.Release|Any CPU.ActiveCfg = Release|Any CPU
		{1F6FC876-F806-4AA9-B63F-92FACA2A2F8A}.Release|Any CPU.Build.0 = Release|Any CPU
		{1F6FC876-F806-4AA9-B63F-92FACA2A2F8A}.Release|x64.ActiveCfg = Release|Any CPU
		{1F6FC876-F806-4AA9-B63F-92FACA2A2F8A}.Release|x64.Build.0 = Release|Any CPU
		{1F6FC876-F806-4AA9-B63F-92FACA2A2F8A}.Release|x86.ActiveCfg = Release|Any CPU
		{1F6FC876-F806-4AA9-B63F-92FACA2A2F8A}.Release|x86.Build.0 = Release|Any CPU
		{B8AEF7FF-AD3F-490E-9F05-D2E1D5A87B0B}.Debug|Any CPU.ActiveCfg = Debug|Any CPU
		{B8AEF7FF-AD3F-490E-9F05-D2E1D5A87B0B}.Debug|Any CPU.Build.0 = Debug|Any CPU
		{B8AEF7FF-AD3F-490E-9F05-D2E1D5A87B0B}.Debug|x64.ActiveCfg = Debug|Any CPU
		{B8AEF7FF-AD3F-490E-9F05-D2E1D5A87B0B}.Debug|x64.Build.0 = Debug|Any CPU
		{B8AEF7FF-AD3F-490E-9F05-D2E1D5A87B0B}.Debug|x86.ActiveCfg = Debug|Any CPU
		{B8AEF7FF-AD3F-490E-9F05-D2E1D5A87B0B}.Debug|x86.Build.0 = Debug|Any CPU
		{B8AEF7FF-AD3F-490E-9F05-D2E1D5A87B0B}.Release|Any CPU.ActiveCfg = Release|Any CPU
		{B8AEF7FF-AD3F-490E-9F05-D2E1D5A87B0B}.Release|Any CPU.Build.0 = Release|Any CPU
		{B8AEF7FF-AD3F-490E-9F05-D2E1D5A87B0B}.Release|x64.ActiveCfg = Release|Any CPU
		{B8AEF7FF-AD3F-490E-9F05-D2E1D5A87B0B}.Release|x64.Build.0 = Release|Any CPU
		{B8AEF7FF-AD3F-490E-9F05-D2E1D5A87B0B}.Release|x86.ActiveCfg = Release|Any CPU
		{B8AEF7FF-AD3F-490E-9F05-D2E1D5A87B0B}.Release|x86.Build.0 = Release|Any CPU
		{11EB9375-DF8A-463F-9E26-B6CA4F11366E}.Debug|Any CPU.ActiveCfg = Debug|Any CPU
		{11EB9375-DF8A-463F-9E26-B6CA4F11366E}.Debug|Any CPU.Build.0 = Debug|Any CPU
		{11EB9375-DF8A-463F-9E26-B6CA4F11366E}.Debug|x64.ActiveCfg = Debug|Any CPU
		{11EB9375-DF8A-463F-9E26-B6CA4F11366E}.Debug|x64.Build.0 = Debug|Any CPU
		{11EB9375-DF8A-463F-9E26-B6CA4F11366E}.Debug|x86.ActiveCfg = Debug|Any CPU
		{11EB9375-DF8A-463F-9E26-B6CA4F11366E}.Debug|x86.Build.0 = Debug|Any CPU
		{11EB9375-DF8A-463F-9E26-B6CA4F11366E}.Release|Any CPU.ActiveCfg = Release|Any CPU
		{11EB9375-DF8A-463F-9E26-B6CA4F11366E}.Release|Any CPU.Build.0 = Release|Any CPU
		{11EB9375-DF8A-463F-9E26-B6CA4F11366E}.Release|x64.ActiveCfg = Release|Any CPU
		{11EB9375-DF8A-463F-9E26-B6CA4F11366E}.Release|x64.Build.0 = Release|Any CPU
		{11EB9375-DF8A-463F-9E26-B6CA4F11366E}.Release|x86.ActiveCfg = Release|Any CPU
		{11EB9375-DF8A-463F-9E26-B6CA4F11366E}.Release|x86.Build.0 = Release|Any CPU
		{DF33FF15-0D62-4C72-803A-88E2AAE236E0}.Debug|Any CPU.ActiveCfg = Debug|Any CPU
		{DF33FF15-0D62-4C72-803A-88E2AAE236E0}.Debug|Any CPU.Build.0 = Debug|Any CPU
		{DF33FF15-0D62-4C72-803A-88E2AAE236E0}.Debug|x64.ActiveCfg = Debug|Any CPU
		{DF33FF15-0D62-4C72-803A-88E2AAE236E0}.Debug|x64.Build.0 = Debug|Any CPU
		{DF33FF15-0D62-4C72-803A-88E2AAE236E0}.Debug|x86.ActiveCfg = Debug|Any CPU
		{DF33FF15-0D62-4C72-803A-88E2AAE236E0}.Debug|x86.Build.0 = Debug|Any CPU
		{DF33FF15-0D62-4C72-803A-88E2AAE236E0}.Release|Any CPU.ActiveCfg = Release|Any CPU
		{DF33FF15-0D62-4C72-803A-88E2AAE236E0}.Release|Any CPU.Build.0 = Release|Any CPU
		{DF33FF15-0D62-4C72-803A-88E2AAE236E0}.Release|x64.ActiveCfg = Release|Any CPU
		{DF33FF15-0D62-4C72-803A-88E2AAE236E0}.Release|x64.Build.0 = Release|Any CPU
		{DF33FF15-0D62-4C72-803A-88E2AAE236E0}.Release|x86.ActiveCfg = Release|Any CPU
		{DF33FF15-0D62-4C72-803A-88E2AAE236E0}.Release|x86.Build.0 = Release|Any CPU
		{676BE033-BB7C-4419-B068-B6BDAF9D5D2B}.Debug|Any CPU.ActiveCfg = Debug|Any CPU
		{676BE033-BB7C-4419-B068-B6BDAF9D5D2B}.Debug|Any CPU.Build.0 = Debug|Any CPU
		{676BE033-BB7C-4419-B068-B6BDAF9D5D2B}.Debug|x64.ActiveCfg = Debug|Any CPU
		{676BE033-BB7C-4419-B068-B6BDAF9D5D2B}.Debug|x64.Build.0 = Debug|Any CPU
		{676BE033-BB7C-4419-B068-B6BDAF9D5D2B}.Debug|x86.ActiveCfg = Debug|Any CPU
		{676BE033-BB7C-4419-B068-B6BDAF9D5D2B}.Debug|x86.Build.0 = Debug|Any CPU
		{676BE033-BB7C-4419-B068-B6BDAF9D5D2B}.Release|Any CPU.ActiveCfg = Release|Any CPU
		{676BE033-BB7C-4419-B068-B6BDAF9D5D2B}.Release|Any CPU.Build.0 = Release|Any CPU
		{676BE033-BB7C-4419-B068-B6BDAF9D5D2B}.Release|x64.ActiveCfg = Release|Any CPU
		{676BE033-BB7C-4419-B068-B6BDAF9D5D2B}.Release|x64.Build.0 = Release|Any CPU
		{676BE033-BB7C-4419-B068-B6BDAF9D5D2B}.Release|x86.ActiveCfg = Release|Any CPU
		{676BE033-BB7C-4419-B068-B6BDAF9D5D2B}.Release|x86.Build.0 = Release|Any CPU
		{D05EB509-6E10-49E5-8605-25303E431EA1}.Debug|Any CPU.ActiveCfg = Debug|Any CPU
		{D05EB509-6E10-49E5-8605-25303E431EA1}.Debug|Any CPU.Build.0 = Debug|Any CPU
		{D05EB509-6E10-49E5-8605-25303E431EA1}.Debug|x64.ActiveCfg = Debug|Any CPU
		{D05EB509-6E10-49E5-8605-25303E431EA1}.Debug|x64.Build.0 = Debug|Any CPU
		{D05EB509-6E10-49E5-8605-25303E431EA1}.Debug|x86.ActiveCfg = Debug|Any CPU
		{D05EB509-6E10-49E5-8605-25303E431EA1}.Debug|x86.Build.0 = Debug|Any CPU
		{D05EB509-6E10-49E5-8605-25303E431EA1}.Release|Any CPU.ActiveCfg = Release|Any CPU
		{D05EB509-6E10-49E5-8605-25303E431EA1}.Release|Any CPU.Build.0 = Release|Any CPU
		{D05EB509-6E10-49E5-8605-25303E431EA1}.Release|x64.ActiveCfg = Release|Any CPU
		{D05EB509-6E10-49E5-8605-25303E431EA1}.Release|x64.Build.0 = Release|Any CPU
		{D05EB509-6E10-49E5-8605-25303E431EA1}.Release|x86.ActiveCfg = Release|Any CPU
		{D05EB509-6E10-49E5-8605-25303E431EA1}.Release|x86.Build.0 = Release|Any CPU
		{7E1C75E6-4079-425C-AD3E-FDDE3B262D79}.Debug|Any CPU.ActiveCfg = Debug|Any CPU
		{7E1C75E6-4079-425C-AD3E-FDDE3B262D79}.Debug|Any CPU.Build.0 = Debug|Any CPU
		{7E1C75E6-4079-425C-AD3E-FDDE3B262D79}.Debug|x64.ActiveCfg = Debug|Any CPU
		{7E1C75E6-4079-425C-AD3E-FDDE3B262D79}.Debug|x64.Build.0 = Debug|Any CPU
		{7E1C75E6-4079-425C-AD3E-FDDE3B262D79}.Debug|x86.ActiveCfg = Debug|Any CPU
		{7E1C75E6-4079-425C-AD3E-FDDE3B262D79}.Debug|x86.Build.0 = Debug|Any CPU
		{7E1C75E6-4079-425C-AD3E-FDDE3B262D79}.Release|Any CPU.ActiveCfg = Release|Any CPU
		{7E1C75E6-4079-425C-AD3E-FDDE3B262D79}.Release|Any CPU.Build.0 = Release|Any CPU
		{7E1C75E6-4079-425C-AD3E-FDDE3B262D79}.Release|x64.ActiveCfg = Release|Any CPU
		{7E1C75E6-4079-425C-AD3E-FDDE3B262D79}.Release|x64.Build.0 = Release|Any CPU
		{7E1C75E6-4079-425C-AD3E-FDDE3B262D79}.Release|x86.ActiveCfg = Release|Any CPU
		{7E1C75E6-4079-425C-AD3E-FDDE3B262D79}.Release|x86.Build.0 = Release|Any CPU
		{430C1F04-91DA-4917-8999-0C38E3045267}.Debug|Any CPU.ActiveCfg = Debug|Any CPU
		{430C1F04-91DA-4917-8999-0C38E3045267}.Debug|Any CPU.Build.0 = Debug|Any CPU
		{430C1F04-91DA-4917-8999-0C38E3045267}.Debug|x64.ActiveCfg = Debug|Any CPU
		{430C1F04-91DA-4917-8999-0C38E3045267}.Debug|x64.Build.0 = Debug|Any CPU
		{430C1F04-91DA-4917-8999-0C38E3045267}.Debug|x86.ActiveCfg = Debug|Any CPU
		{430C1F04-91DA-4917-8999-0C38E3045267}.Debug|x86.Build.0 = Debug|Any CPU
		{430C1F04-91DA-4917-8999-0C38E3045267}.Release|Any CPU.ActiveCfg = Release|Any CPU
		{430C1F04-91DA-4917-8999-0C38E3045267}.Release|Any CPU.Build.0 = Release|Any CPU
		{430C1F04-91DA-4917-8999-0C38E3045267}.Release|x64.ActiveCfg = Release|Any CPU
		{430C1F04-91DA-4917-8999-0C38E3045267}.Release|x64.Build.0 = Release|Any CPU
		{430C1F04-91DA-4917-8999-0C38E3045267}.Release|x86.ActiveCfg = Release|Any CPU
		{430C1F04-91DA-4917-8999-0C38E3045267}.Release|x86.Build.0 = Release|Any CPU
		{BE077A89-E277-4FAE-8D3D-7378FED14BF2}.Debug|Any CPU.ActiveCfg = Debug|Any CPU
		{BE077A89-E277-4FAE-8D3D-7378FED14BF2}.Debug|Any CPU.Build.0 = Debug|Any CPU
		{BE077A89-E277-4FAE-8D3D-7378FED14BF2}.Debug|x64.ActiveCfg = Debug|Any CPU
		{BE077A89-E277-4FAE-8D3D-7378FED14BF2}.Debug|x64.Build.0 = Debug|Any CPU
		{BE077A89-E277-4FAE-8D3D-7378FED14BF2}.Debug|x86.ActiveCfg = Debug|Any CPU
		{BE077A89-E277-4FAE-8D3D-7378FED14BF2}.Debug|x86.Build.0 = Debug|Any CPU
		{BE077A89-E277-4FAE-8D3D-7378FED14BF2}.Release|Any CPU.ActiveCfg = Release|Any CPU
		{BE077A89-E277-4FAE-8D3D-7378FED14BF2}.Release|Any CPU.Build.0 = Release|Any CPU
		{BE077A89-E277-4FAE-8D3D-7378FED14BF2}.Release|x64.ActiveCfg = Release|Any CPU
		{BE077A89-E277-4FAE-8D3D-7378FED14BF2}.Release|x64.Build.0 = Release|Any CPU
		{BE077A89-E277-4FAE-8D3D-7378FED14BF2}.Release|x86.ActiveCfg = Release|Any CPU
		{BE077A89-E277-4FAE-8D3D-7378FED14BF2}.Release|x86.Build.0 = Release|Any CPU
		{B7308E42-70C4-43A0-BAE1-D46334799E28}.Debug|Any CPU.ActiveCfg = Debug|Any CPU
		{B7308E42-70C4-43A0-BAE1-D46334799E28}.Debug|Any CPU.Build.0 = Debug|Any CPU
		{B7308E42-70C4-43A0-BAE1-D46334799E28}.Debug|x64.ActiveCfg = Debug|Any CPU
		{B7308E42-70C4-43A0-BAE1-D46334799E28}.Debug|x64.Build.0 = Debug|Any CPU
		{B7308E42-70C4-43A0-BAE1-D46334799E28}.Debug|x86.ActiveCfg = Debug|Any CPU
		{B7308E42-70C4-43A0-BAE1-D46334799E28}.Debug|x86.Build.0 = Debug|Any CPU
		{B7308E42-70C4-43A0-BAE1-D46334799E28}.Release|Any CPU.ActiveCfg = Release|Any CPU
		{B7308E42-70C4-43A0-BAE1-D46334799E28}.Release|Any CPU.Build.0 = Release|Any CPU
		{B7308E42-70C4-43A0-BAE1-D46334799E28}.Release|x64.ActiveCfg = Release|Any CPU
		{B7308E42-70C4-43A0-BAE1-D46334799E28}.Release|x64.Build.0 = Release|Any CPU
		{B7308E42-70C4-43A0-BAE1-D46334799E28}.Release|x86.ActiveCfg = Release|Any CPU
		{B7308E42-70C4-43A0-BAE1-D46334799E28}.Release|x86.Build.0 = Release|Any CPU
		{ED3A0820-2FB3-4360-B45D-6AAE4D1E28BD}.Debug|Any CPU.ActiveCfg = Debug|Any CPU
		{ED3A0820-2FB3-4360-B45D-6AAE4D1E28BD}.Debug|Any CPU.Build.0 = Debug|Any CPU
		{ED3A0820-2FB3-4360-B45D-6AAE4D1E28BD}.Debug|x64.ActiveCfg = Debug|Any CPU
		{ED3A0820-2FB3-4360-B45D-6AAE4D1E28BD}.Debug|x64.Build.0 = Debug|Any CPU
		{ED3A0820-2FB3-4360-B45D-6AAE4D1E28BD}.Debug|x86.ActiveCfg = Debug|Any CPU
		{ED3A0820-2FB3-4360-B45D-6AAE4D1E28BD}.Debug|x86.Build.0 = Debug|Any CPU
		{ED3A0820-2FB3-4360-B45D-6AAE4D1E28BD}.Release|Any CPU.ActiveCfg = Release|Any CPU
		{ED3A0820-2FB3-4360-B45D-6AAE4D1E28BD}.Release|Any CPU.Build.0 = Release|Any CPU
		{ED3A0820-2FB3-4360-B45D-6AAE4D1E28BD}.Release|x64.ActiveCfg = Release|Any CPU
		{ED3A0820-2FB3-4360-B45D-6AAE4D1E28BD}.Release|x64.Build.0 = Release|Any CPU
		{ED3A0820-2FB3-4360-B45D-6AAE4D1E28BD}.Release|x86.ActiveCfg = Release|Any CPU
		{ED3A0820-2FB3-4360-B45D-6AAE4D1E28BD}.Release|x86.Build.0 = Release|Any CPU
		{04686325-3430-492C-826E-B9B5A01E5B80}.Debug|Any CPU.ActiveCfg = Debug|Any CPU
		{04686325-3430-492C-826E-B9B5A01E5B80}.Debug|Any CPU.Build.0 = Debug|Any CPU
		{04686325-3430-492C-826E-B9B5A01E5B80}.Debug|x64.ActiveCfg = Debug|Any CPU
		{04686325-3430-492C-826E-B9B5A01E5B80}.Debug|x64.Build.0 = Debug|Any CPU
		{04686325-3430-492C-826E-B9B5A01E5B80}.Debug|x86.ActiveCfg = Debug|Any CPU
		{04686325-3430-492C-826E-B9B5A01E5B80}.Debug|x86.Build.0 = Debug|Any CPU
		{04686325-3430-492C-826E-B9B5A01E5B80}.Release|Any CPU.ActiveCfg = Release|Any CPU
		{04686325-3430-492C-826E-B9B5A01E5B80}.Release|Any CPU.Build.0 = Release|Any CPU
		{04686325-3430-492C-826E-B9B5A01E5B80}.Release|x64.ActiveCfg = Release|Any CPU
		{04686325-3430-492C-826E-B9B5A01E5B80}.Release|x64.Build.0 = Release|Any CPU
		{04686325-3430-492C-826E-B9B5A01E5B80}.Release|x86.ActiveCfg = Release|Any CPU
		{04686325-3430-492C-826E-B9B5A01E5B80}.Release|x86.Build.0 = Release|Any CPU
		{12E59349-E958-4D36-97E0-2E28E13C0F8A}.Debug|Any CPU.ActiveCfg = Debug|Any CPU
		{12E59349-E958-4D36-97E0-2E28E13C0F8A}.Debug|Any CPU.Build.0 = Debug|Any CPU
		{12E59349-E958-4D36-97E0-2E28E13C0F8A}.Debug|x64.ActiveCfg = Debug|Any CPU
		{12E59349-E958-4D36-97E0-2E28E13C0F8A}.Debug|x64.Build.0 = Debug|Any CPU
		{12E59349-E958-4D36-97E0-2E28E13C0F8A}.Debug|x86.ActiveCfg = Debug|Any CPU
		{12E59349-E958-4D36-97E0-2E28E13C0F8A}.Debug|x86.Build.0 = Debug|Any CPU
		{12E59349-E958-4D36-97E0-2E28E13C0F8A}.Release|Any CPU.ActiveCfg = Release|Any CPU
		{12E59349-E958-4D36-97E0-2E28E13C0F8A}.Release|Any CPU.Build.0 = Release|Any CPU
		{12E59349-E958-4D36-97E0-2E28E13C0F8A}.Release|x64.ActiveCfg = Release|Any CPU
		{12E59349-E958-4D36-97E0-2E28E13C0F8A}.Release|x64.Build.0 = Release|Any CPU
		{12E59349-E958-4D36-97E0-2E28E13C0F8A}.Release|x86.ActiveCfg = Release|Any CPU
		{12E59349-E958-4D36-97E0-2E28E13C0F8A}.Release|x86.Build.0 = Release|Any CPU
		{322649F9-6A7D-4244-9062-F42122DA6A25}.Debug|Any CPU.ActiveCfg = Debug|Any CPU
		{322649F9-6A7D-4244-9062-F42122DA6A25}.Debug|Any CPU.Build.0 = Debug|Any CPU
		{322649F9-6A7D-4244-9062-F42122DA6A25}.Debug|x64.ActiveCfg = Debug|Any CPU
		{322649F9-6A7D-4244-9062-F42122DA6A25}.Debug|x64.Build.0 = Debug|Any CPU
		{322649F9-6A7D-4244-9062-F42122DA6A25}.Debug|x86.ActiveCfg = Debug|Any CPU
		{322649F9-6A7D-4244-9062-F42122DA6A25}.Debug|x86.Build.0 = Debug|Any CPU
		{322649F9-6A7D-4244-9062-F42122DA6A25}.Release|Any CPU.ActiveCfg = Release|Any CPU
		{322649F9-6A7D-4244-9062-F42122DA6A25}.Release|Any CPU.Build.0 = Release|Any CPU
		{322649F9-6A7D-4244-9062-F42122DA6A25}.Release|x64.ActiveCfg = Release|Any CPU
		{322649F9-6A7D-4244-9062-F42122DA6A25}.Release|x64.Build.0 = Release|Any CPU
		{322649F9-6A7D-4244-9062-F42122DA6A25}.Release|x86.ActiveCfg = Release|Any CPU
		{322649F9-6A7D-4244-9062-F42122DA6A25}.Release|x86.Build.0 = Release|Any CPU
		{E34F8F80-8475-4F64-BE7A-C2A461B1A3EE}.Debug|Any CPU.ActiveCfg = Debug|Any CPU
		{E34F8F80-8475-4F64-BE7A-C2A461B1A3EE}.Debug|Any CPU.Build.0 = Debug|Any CPU
		{E34F8F80-8475-4F64-BE7A-C2A461B1A3EE}.Debug|x64.ActiveCfg = Debug|Any CPU
		{E34F8F80-8475-4F64-BE7A-C2A461B1A3EE}.Debug|x64.Build.0 = Debug|Any CPU
		{E34F8F80-8475-4F64-BE7A-C2A461B1A3EE}.Debug|x86.ActiveCfg = Debug|Any CPU
		{E34F8F80-8475-4F64-BE7A-C2A461B1A3EE}.Debug|x86.Build.0 = Debug|Any CPU
		{E34F8F80-8475-4F64-BE7A-C2A461B1A3EE}.Release|Any CPU.ActiveCfg = Release|Any CPU
		{E34F8F80-8475-4F64-BE7A-C2A461B1A3EE}.Release|Any CPU.Build.0 = Release|Any CPU
		{E34F8F80-8475-4F64-BE7A-C2A461B1A3EE}.Release|x64.ActiveCfg = Release|Any CPU
		{E34F8F80-8475-4F64-BE7A-C2A461B1A3EE}.Release|x64.Build.0 = Release|Any CPU
		{E34F8F80-8475-4F64-BE7A-C2A461B1A3EE}.Release|x86.ActiveCfg = Release|Any CPU
		{E34F8F80-8475-4F64-BE7A-C2A461B1A3EE}.Release|x86.Build.0 = Release|Any CPU
		{F674A292-7992-43B3-9A6A-C003914120B0}.Debug|Any CPU.ActiveCfg = Debug|Any CPU
		{F674A292-7992-43B3-9A6A-C003914120B0}.Debug|Any CPU.Build.0 = Debug|Any CPU
		{F674A292-7992-43B3-9A6A-C003914120B0}.Debug|x64.ActiveCfg = Debug|Any CPU
		{F674A292-7992-43B3-9A6A-C003914120B0}.Debug|x64.Build.0 = Debug|Any CPU
		{F674A292-7992-43B3-9A6A-C003914120B0}.Debug|x86.ActiveCfg = Debug|Any CPU
		{F674A292-7992-43B3-9A6A-C003914120B0}.Debug|x86.Build.0 = Debug|Any CPU
		{F674A292-7992-43B3-9A6A-C003914120B0}.Release|Any CPU.ActiveCfg = Release|Any CPU
		{F674A292-7992-43B3-9A6A-C003914120B0}.Release|Any CPU.Build.0 = Release|Any CPU
		{F674A292-7992-43B3-9A6A-C003914120B0}.Release|x64.ActiveCfg = Release|Any CPU
		{F674A292-7992-43B3-9A6A-C003914120B0}.Release|x64.Build.0 = Release|Any CPU
		{F674A292-7992-43B3-9A6A-C003914120B0}.Release|x86.ActiveCfg = Release|Any CPU
		{F674A292-7992-43B3-9A6A-C003914120B0}.Release|x86.Build.0 = Release|Any CPU
		{B9A483EE-C414-48F9-9BD3-0FF2129A9F3F}.Debug|Any CPU.ActiveCfg = Debug|Any CPU
		{B9A483EE-C414-48F9-9BD3-0FF2129A9F3F}.Debug|Any CPU.Build.0 = Debug|Any CPU
		{B9A483EE-C414-48F9-9BD3-0FF2129A9F3F}.Debug|x64.ActiveCfg = Debug|Any CPU
		{B9A483EE-C414-48F9-9BD3-0FF2129A9F3F}.Debug|x64.Build.0 = Debug|Any CPU
		{B9A483EE-C414-48F9-9BD3-0FF2129A9F3F}.Debug|x86.ActiveCfg = Debug|Any CPU
		{B9A483EE-C414-48F9-9BD3-0FF2129A9F3F}.Debug|x86.Build.0 = Debug|Any CPU
		{B9A483EE-C414-48F9-9BD3-0FF2129A9F3F}.Release|Any CPU.ActiveCfg = Release|Any CPU
		{B9A483EE-C414-48F9-9BD3-0FF2129A9F3F}.Release|Any CPU.Build.0 = Release|Any CPU
		{B9A483EE-C414-48F9-9BD3-0FF2129A9F3F}.Release|x64.ActiveCfg = Release|Any CPU
		{B9A483EE-C414-48F9-9BD3-0FF2129A9F3F}.Release|x64.Build.0 = Release|Any CPU
		{B9A483EE-C414-48F9-9BD3-0FF2129A9F3F}.Release|x86.ActiveCfg = Release|Any CPU
		{B9A483EE-C414-48F9-9BD3-0FF2129A9F3F}.Release|x86.Build.0 = Release|Any CPU
		{97B2BEE4-11AD-4585-8F48-985634958CDF}.Debug|Any CPU.ActiveCfg = Debug|Any CPU
		{97B2BEE4-11AD-4585-8F48-985634958CDF}.Debug|Any CPU.Build.0 = Debug|Any CPU
		{97B2BEE4-11AD-4585-8F48-985634958CDF}.Debug|x64.ActiveCfg = Debug|Any CPU
		{97B2BEE4-11AD-4585-8F48-985634958CDF}.Debug|x64.Build.0 = Debug|Any CPU
		{97B2BEE4-11AD-4585-8F48-985634958CDF}.Debug|x86.ActiveCfg = Debug|Any CPU
		{97B2BEE4-11AD-4585-8F48-985634958CDF}.Debug|x86.Build.0 = Debug|Any CPU
		{97B2BEE4-11AD-4585-8F48-985634958CDF}.Release|Any CPU.ActiveCfg = Release|Any CPU
		{97B2BEE4-11AD-4585-8F48-985634958CDF}.Release|Any CPU.Build.0 = Release|Any CPU
		{97B2BEE4-11AD-4585-8F48-985634958CDF}.Release|x64.ActiveCfg = Release|Any CPU
		{97B2BEE4-11AD-4585-8F48-985634958CDF}.Release|x64.Build.0 = Release|Any CPU
		{97B2BEE4-11AD-4585-8F48-985634958CDF}.Release|x86.ActiveCfg = Release|Any CPU
		{97B2BEE4-11AD-4585-8F48-985634958CDF}.Release|x86.Build.0 = Release|Any CPU
		{74D4BDE5-6A13-4216-A9DB-AE6F727B86E9}.Debug|Any CPU.ActiveCfg = Debug|Any CPU
		{74D4BDE5-6A13-4216-A9DB-AE6F727B86E9}.Debug|Any CPU.Build.0 = Debug|Any CPU
		{74D4BDE5-6A13-4216-A9DB-AE6F727B86E9}.Debug|x64.ActiveCfg = Debug|Any CPU
		{74D4BDE5-6A13-4216-A9DB-AE6F727B86E9}.Debug|x64.Build.0 = Debug|Any CPU
		{74D4BDE5-6A13-4216-A9DB-AE6F727B86E9}.Debug|x86.ActiveCfg = Debug|Any CPU
		{74D4BDE5-6A13-4216-A9DB-AE6F727B86E9}.Debug|x86.Build.0 = Debug|Any CPU
		{74D4BDE5-6A13-4216-A9DB-AE6F727B86E9}.Release|Any CPU.ActiveCfg = Release|Any CPU
		{74D4BDE5-6A13-4216-A9DB-AE6F727B86E9}.Release|Any CPU.Build.0 = Release|Any CPU
		{74D4BDE5-6A13-4216-A9DB-AE6F727B86E9}.Release|x64.ActiveCfg = Release|Any CPU
		{74D4BDE5-6A13-4216-A9DB-AE6F727B86E9}.Release|x64.Build.0 = Release|Any CPU
		{74D4BDE5-6A13-4216-A9DB-AE6F727B86E9}.Release|x86.ActiveCfg = Release|Any CPU
		{74D4BDE5-6A13-4216-A9DB-AE6F727B86E9}.Release|x86.Build.0 = Release|Any CPU
		{3CD1E107-0C00-4A59-BE72-C2EE9C8C8669}.Debug|Any CPU.ActiveCfg = Debug|Any CPU
		{3CD1E107-0C00-4A59-BE72-C2EE9C8C8669}.Debug|Any CPU.Build.0 = Debug|Any CPU
		{3CD1E107-0C00-4A59-BE72-C2EE9C8C8669}.Debug|x64.ActiveCfg = Debug|Any CPU
		{3CD1E107-0C00-4A59-BE72-C2EE9C8C8669}.Debug|x64.Build.0 = Debug|Any CPU
		{3CD1E107-0C00-4A59-BE72-C2EE9C8C8669}.Debug|x86.ActiveCfg = Debug|Any CPU
		{3CD1E107-0C00-4A59-BE72-C2EE9C8C8669}.Debug|x86.Build.0 = Debug|Any CPU
		{3CD1E107-0C00-4A59-BE72-C2EE9C8C8669}.Release|Any CPU.ActiveCfg = Release|Any CPU
		{3CD1E107-0C00-4A59-BE72-C2EE9C8C8669}.Release|Any CPU.Build.0 = Release|Any CPU
		{3CD1E107-0C00-4A59-BE72-C2EE9C8C8669}.Release|x64.ActiveCfg = Release|Any CPU
		{3CD1E107-0C00-4A59-BE72-C2EE9C8C8669}.Release|x64.Build.0 = Release|Any CPU
		{3CD1E107-0C00-4A59-BE72-C2EE9C8C8669}.Release|x86.ActiveCfg = Release|Any CPU
		{3CD1E107-0C00-4A59-BE72-C2EE9C8C8669}.Release|x86.Build.0 = Release|Any CPU
		{B71FEF85-7AAC-4DF7-BFE0-60A6052AF459}.Debug|Any CPU.ActiveCfg = Debug|Any CPU
		{B71FEF85-7AAC-4DF7-BFE0-60A6052AF459}.Debug|Any CPU.Build.0 = Debug|Any CPU
		{B71FEF85-7AAC-4DF7-BFE0-60A6052AF459}.Debug|x64.ActiveCfg = Debug|Any CPU
		{B71FEF85-7AAC-4DF7-BFE0-60A6052AF459}.Debug|x64.Build.0 = Debug|Any CPU
		{B71FEF85-7AAC-4DF7-BFE0-60A6052AF459}.Debug|x86.ActiveCfg = Debug|Any CPU
		{B71FEF85-7AAC-4DF7-BFE0-60A6052AF459}.Debug|x86.Build.0 = Debug|Any CPU
		{B71FEF85-7AAC-4DF7-BFE0-60A6052AF459}.Release|Any CPU.ActiveCfg = Release|Any CPU
		{B71FEF85-7AAC-4DF7-BFE0-60A6052AF459}.Release|Any CPU.Build.0 = Release|Any CPU
		{B71FEF85-7AAC-4DF7-BFE0-60A6052AF459}.Release|x64.ActiveCfg = Release|Any CPU
		{B71FEF85-7AAC-4DF7-BFE0-60A6052AF459}.Release|x64.Build.0 = Release|Any CPU
		{B71FEF85-7AAC-4DF7-BFE0-60A6052AF459}.Release|x86.ActiveCfg = Release|Any CPU
		{B71FEF85-7AAC-4DF7-BFE0-60A6052AF459}.Release|x86.Build.0 = Release|Any CPU
		{09EDC75E-7CDD-40AD-ADF9-179683909A43}.Debug|Any CPU.ActiveCfg = Debug|Any CPU
		{09EDC75E-7CDD-40AD-ADF9-179683909A43}.Debug|Any CPU.Build.0 = Debug|Any CPU
		{09EDC75E-7CDD-40AD-ADF9-179683909A43}.Debug|x64.ActiveCfg = Debug|Any CPU
		{09EDC75E-7CDD-40AD-ADF9-179683909A43}.Debug|x64.Build.0 = Debug|Any CPU
		{09EDC75E-7CDD-40AD-ADF9-179683909A43}.Debug|x86.ActiveCfg = Debug|Any CPU
		{09EDC75E-7CDD-40AD-ADF9-179683909A43}.Debug|x86.Build.0 = Debug|Any CPU
		{09EDC75E-7CDD-40AD-ADF9-179683909A43}.Release|Any CPU.ActiveCfg = Release|Any CPU
		{09EDC75E-7CDD-40AD-ADF9-179683909A43}.Release|Any CPU.Build.0 = Release|Any CPU
		{09EDC75E-7CDD-40AD-ADF9-179683909A43}.Release|x64.ActiveCfg = Release|Any CPU
		{09EDC75E-7CDD-40AD-ADF9-179683909A43}.Release|x64.Build.0 = Release|Any CPU
		{09EDC75E-7CDD-40AD-ADF9-179683909A43}.Release|x86.ActiveCfg = Release|Any CPU
		{09EDC75E-7CDD-40AD-ADF9-179683909A43}.Release|x86.Build.0 = Release|Any CPU
		{F83264BC-94EC-41B1-8134-28FEE79EFE28}.Debug|Any CPU.ActiveCfg = Debug|Any CPU
		{F83264BC-94EC-41B1-8134-28FEE79EFE28}.Debug|Any CPU.Build.0 = Debug|Any CPU
		{F83264BC-94EC-41B1-8134-28FEE79EFE28}.Debug|x64.ActiveCfg = Debug|Any CPU
		{F83264BC-94EC-41B1-8134-28FEE79EFE28}.Debug|x64.Build.0 = Debug|Any CPU
		{F83264BC-94EC-41B1-8134-28FEE79EFE28}.Debug|x86.ActiveCfg = Debug|Any CPU
		{F83264BC-94EC-41B1-8134-28FEE79EFE28}.Debug|x86.Build.0 = Debug|Any CPU
		{F83264BC-94EC-41B1-8134-28FEE79EFE28}.Release|Any CPU.ActiveCfg = Release|Any CPU
		{F83264BC-94EC-41B1-8134-28FEE79EFE28}.Release|Any CPU.Build.0 = Release|Any CPU
		{F83264BC-94EC-41B1-8134-28FEE79EFE28}.Release|x64.ActiveCfg = Release|Any CPU
		{F83264BC-94EC-41B1-8134-28FEE79EFE28}.Release|x64.Build.0 = Release|Any CPU
		{F83264BC-94EC-41B1-8134-28FEE79EFE28}.Release|x86.ActiveCfg = Release|Any CPU
		{F83264BC-94EC-41B1-8134-28FEE79EFE28}.Release|x86.Build.0 = Release|Any CPU
		{2C971907-A3A2-4439-95C7-3436AC9446A1}.Debug|Any CPU.ActiveCfg = Debug|Any CPU
		{2C971907-A3A2-4439-95C7-3436AC9446A1}.Debug|Any CPU.Build.0 = Debug|Any CPU
		{2C971907-A3A2-4439-95C7-3436AC9446A1}.Debug|x64.ActiveCfg = Debug|Any CPU
		{2C971907-A3A2-4439-95C7-3436AC9446A1}.Debug|x64.Build.0 = Debug|Any CPU
		{2C971907-A3A2-4439-95C7-3436AC9446A1}.Debug|x86.ActiveCfg = Debug|Any CPU
		{2C971907-A3A2-4439-95C7-3436AC9446A1}.Debug|x86.Build.0 = Debug|Any CPU
		{2C971907-A3A2-4439-95C7-3436AC9446A1}.Release|Any CPU.ActiveCfg = Release|Any CPU
		{2C971907-A3A2-4439-95C7-3436AC9446A1}.Release|Any CPU.Build.0 = Release|Any CPU
		{2C971907-A3A2-4439-95C7-3436AC9446A1}.Release|x64.ActiveCfg = Release|Any CPU
		{2C971907-A3A2-4439-95C7-3436AC9446A1}.Release|x64.Build.0 = Release|Any CPU
		{2C971907-A3A2-4439-95C7-3436AC9446A1}.Release|x86.ActiveCfg = Release|Any CPU
		{2C971907-A3A2-4439-95C7-3436AC9446A1}.Release|x86.Build.0 = Release|Any CPU
		{B802E276-A6A2-4196-93D4-B1803DF42D46}.Debug|Any CPU.ActiveCfg = Debug|Any CPU
		{B802E276-A6A2-4196-93D4-B1803DF42D46}.Debug|Any CPU.Build.0 = Debug|Any CPU
		{B802E276-A6A2-4196-93D4-B1803DF42D46}.Debug|x64.ActiveCfg = Debug|Any CPU
		{B802E276-A6A2-4196-93D4-B1803DF42D46}.Debug|x64.Build.0 = Debug|Any CPU
		{B802E276-A6A2-4196-93D4-B1803DF42D46}.Debug|x86.ActiveCfg = Debug|Any CPU
		{B802E276-A6A2-4196-93D4-B1803DF42D46}.Debug|x86.Build.0 = Debug|Any CPU
		{B802E276-A6A2-4196-93D4-B1803DF42D46}.Release|Any CPU.ActiveCfg = Release|Any CPU
		{B802E276-A6A2-4196-93D4-B1803DF42D46}.Release|Any CPU.Build.0 = Release|Any CPU
		{B802E276-A6A2-4196-93D4-B1803DF42D46}.Release|x64.ActiveCfg = Release|Any CPU
		{B802E276-A6A2-4196-93D4-B1803DF42D46}.Release|x64.Build.0 = Release|Any CPU
		{B802E276-A6A2-4196-93D4-B1803DF42D46}.Release|x86.ActiveCfg = Release|Any CPU
		{B802E276-A6A2-4196-93D4-B1803DF42D46}.Release|x86.Build.0 = Release|Any CPU
		{B35368E2-4021-4B0E-B76D-28A78B31354C}.Debug|Any CPU.ActiveCfg = Debug|Any CPU
		{B35368E2-4021-4B0E-B76D-28A78B31354C}.Debug|Any CPU.Build.0 = Debug|Any CPU
		{B35368E2-4021-4B0E-B76D-28A78B31354C}.Debug|x64.ActiveCfg = Debug|Any CPU
		{B35368E2-4021-4B0E-B76D-28A78B31354C}.Debug|x64.Build.0 = Debug|Any CPU
		{B35368E2-4021-4B0E-B76D-28A78B31354C}.Debug|x86.ActiveCfg = Debug|Any CPU
		{B35368E2-4021-4B0E-B76D-28A78B31354C}.Debug|x86.Build.0 = Debug|Any CPU
		{B35368E2-4021-4B0E-B76D-28A78B31354C}.Release|Any CPU.ActiveCfg = Release|Any CPU
		{B35368E2-4021-4B0E-B76D-28A78B31354C}.Release|Any CPU.Build.0 = Release|Any CPU
		{B35368E2-4021-4B0E-B76D-28A78B31354C}.Release|x64.ActiveCfg = Release|Any CPU
		{B35368E2-4021-4B0E-B76D-28A78B31354C}.Release|x64.Build.0 = Release|Any CPU
		{B35368E2-4021-4B0E-B76D-28A78B31354C}.Release|x86.ActiveCfg = Release|Any CPU
		{B35368E2-4021-4B0E-B76D-28A78B31354C}.Release|x86.Build.0 = Release|Any CPU
		{02A8F306-A782-408A-B137-87020FE5A0D9}.Debug|Any CPU.ActiveCfg = Debug|Any CPU
		{02A8F306-A782-408A-B137-87020FE5A0D9}.Debug|Any CPU.Build.0 = Debug|Any CPU
		{02A8F306-A782-408A-B137-87020FE5A0D9}.Debug|x64.ActiveCfg = Debug|Any CPU
		{02A8F306-A782-408A-B137-87020FE5A0D9}.Debug|x64.Build.0 = Debug|Any CPU
		{02A8F306-A782-408A-B137-87020FE5A0D9}.Debug|x86.ActiveCfg = Debug|Any CPU
		{02A8F306-A782-408A-B137-87020FE5A0D9}.Debug|x86.Build.0 = Debug|Any CPU
		{02A8F306-A782-408A-B137-87020FE5A0D9}.Release|Any CPU.ActiveCfg = Release|Any CPU
		{02A8F306-A782-408A-B137-87020FE5A0D9}.Release|Any CPU.Build.0 = Release|Any CPU
		{02A8F306-A782-408A-B137-87020FE5A0D9}.Release|x64.ActiveCfg = Release|Any CPU
		{02A8F306-A782-408A-B137-87020FE5A0D9}.Release|x64.Build.0 = Release|Any CPU
		{02A8F306-A782-408A-B137-87020FE5A0D9}.Release|x86.ActiveCfg = Release|Any CPU
		{02A8F306-A782-408A-B137-87020FE5A0D9}.Release|x86.Build.0 = Release|Any CPU
		{BEC93CEB-8872-43F3-B3C2-2AA6ABEEF857}.Debug|Any CPU.ActiveCfg = Debug|Any CPU
		{BEC93CEB-8872-43F3-B3C2-2AA6ABEEF857}.Debug|Any CPU.Build.0 = Debug|Any CPU
		{BEC93CEB-8872-43F3-B3C2-2AA6ABEEF857}.Debug|x64.ActiveCfg = Debug|Any CPU
		{BEC93CEB-8872-43F3-B3C2-2AA6ABEEF857}.Debug|x64.Build.0 = Debug|Any CPU
		{BEC93CEB-8872-43F3-B3C2-2AA6ABEEF857}.Debug|x86.ActiveCfg = Debug|Any CPU
		{BEC93CEB-8872-43F3-B3C2-2AA6ABEEF857}.Debug|x86.Build.0 = Debug|Any CPU
		{BEC93CEB-8872-43F3-B3C2-2AA6ABEEF857}.Release|Any CPU.ActiveCfg = Release|Any CPU
		{BEC93CEB-8872-43F3-B3C2-2AA6ABEEF857}.Release|Any CPU.Build.0 = Release|Any CPU
		{BEC93CEB-8872-43F3-B3C2-2AA6ABEEF857}.Release|x64.ActiveCfg = Release|Any CPU
		{BEC93CEB-8872-43F3-B3C2-2AA6ABEEF857}.Release|x64.Build.0 = Release|Any CPU
		{BEC93CEB-8872-43F3-B3C2-2AA6ABEEF857}.Release|x86.ActiveCfg = Release|Any CPU
		{BEC93CEB-8872-43F3-B3C2-2AA6ABEEF857}.Release|x86.Build.0 = Release|Any CPU
		{EF54A406-AA7C-4939-A44B-3FBC5571BE0B}.Debug|Any CPU.ActiveCfg = Debug|Any CPU
		{EF54A406-AA7C-4939-A44B-3FBC5571BE0B}.Debug|Any CPU.Build.0 = Debug|Any CPU
		{EF54A406-AA7C-4939-A44B-3FBC5571BE0B}.Debug|x64.ActiveCfg = Debug|Any CPU
		{EF54A406-AA7C-4939-A44B-3FBC5571BE0B}.Debug|x64.Build.0 = Debug|Any CPU
		{EF54A406-AA7C-4939-A44B-3FBC5571BE0B}.Debug|x86.ActiveCfg = Debug|Any CPU
		{EF54A406-AA7C-4939-A44B-3FBC5571BE0B}.Debug|x86.Build.0 = Debug|Any CPU
		{EF54A406-AA7C-4939-A44B-3FBC5571BE0B}.Release|Any CPU.ActiveCfg = Release|Any CPU
		{EF54A406-AA7C-4939-A44B-3FBC5571BE0B}.Release|Any CPU.Build.0 = Release|Any CPU
		{EF54A406-AA7C-4939-A44B-3FBC5571BE0B}.Release|x64.ActiveCfg = Release|Any CPU
		{EF54A406-AA7C-4939-A44B-3FBC5571BE0B}.Release|x64.Build.0 = Release|Any CPU
		{EF54A406-AA7C-4939-A44B-3FBC5571BE0B}.Release|x86.ActiveCfg = Release|Any CPU
		{EF54A406-AA7C-4939-A44B-3FBC5571BE0B}.Release|x86.Build.0 = Release|Any CPU
		{C0256CAA-98CB-4C41-8A7F-7E6530BFD36E}.Debug|Any CPU.ActiveCfg = Debug|Any CPU
		{C0256CAA-98CB-4C41-8A7F-7E6530BFD36E}.Debug|Any CPU.Build.0 = Debug|Any CPU
		{C0256CAA-98CB-4C41-8A7F-7E6530BFD36E}.Debug|x64.ActiveCfg = Debug|Any CPU
		{C0256CAA-98CB-4C41-8A7F-7E6530BFD36E}.Debug|x64.Build.0 = Debug|Any CPU
		{C0256CAA-98CB-4C41-8A7F-7E6530BFD36E}.Debug|x86.ActiveCfg = Debug|Any CPU
		{C0256CAA-98CB-4C41-8A7F-7E6530BFD36E}.Debug|x86.Build.0 = Debug|Any CPU
		{C0256CAA-98CB-4C41-8A7F-7E6530BFD36E}.Release|Any CPU.ActiveCfg = Release|Any CPU
		{C0256CAA-98CB-4C41-8A7F-7E6530BFD36E}.Release|Any CPU.Build.0 = Release|Any CPU
		{C0256CAA-98CB-4C41-8A7F-7E6530BFD36E}.Release|x64.ActiveCfg = Release|Any CPU
		{C0256CAA-98CB-4C41-8A7F-7E6530BFD36E}.Release|x64.Build.0 = Release|Any CPU
		{C0256CAA-98CB-4C41-8A7F-7E6530BFD36E}.Release|x86.ActiveCfg = Release|Any CPU
		{C0256CAA-98CB-4C41-8A7F-7E6530BFD36E}.Release|x86.Build.0 = Release|Any CPU
		{5F6170A8-F9E0-4B17-901B-D5695D745936}.Debug|Any CPU.ActiveCfg = Debug|Any CPU
		{5F6170A8-F9E0-4B17-901B-D5695D745936}.Debug|Any CPU.Build.0 = Debug|Any CPU
		{5F6170A8-F9E0-4B17-901B-D5695D745936}.Debug|x64.ActiveCfg = Debug|Any CPU
		{5F6170A8-F9E0-4B17-901B-D5695D745936}.Debug|x64.Build.0 = Debug|Any CPU
		{5F6170A8-F9E0-4B17-901B-D5695D745936}.Debug|x86.ActiveCfg = Debug|Any CPU
		{5F6170A8-F9E0-4B17-901B-D5695D745936}.Debug|x86.Build.0 = Debug|Any CPU
		{5F6170A8-F9E0-4B17-901B-D5695D745936}.Release|Any CPU.ActiveCfg = Release|Any CPU
		{5F6170A8-F9E0-4B17-901B-D5695D745936}.Release|Any CPU.Build.0 = Release|Any CPU
		{5F6170A8-F9E0-4B17-901B-D5695D745936}.Release|x64.ActiveCfg = Release|Any CPU
		{5F6170A8-F9E0-4B17-901B-D5695D745936}.Release|x64.Build.0 = Release|Any CPU
		{5F6170A8-F9E0-4B17-901B-D5695D745936}.Release|x86.ActiveCfg = Release|Any CPU
		{5F6170A8-F9E0-4B17-901B-D5695D745936}.Release|x86.Build.0 = Release|Any CPU
		{B58E2152-B6A2-4720-981E-B95FDA47D929}.Debug|Any CPU.ActiveCfg = Debug|Any CPU
		{B58E2152-B6A2-4720-981E-B95FDA47D929}.Debug|Any CPU.Build.0 = Debug|Any CPU
		{B58E2152-B6A2-4720-981E-B95FDA47D929}.Debug|x64.ActiveCfg = Debug|Any CPU
		{B58E2152-B6A2-4720-981E-B95FDA47D929}.Debug|x64.Build.0 = Debug|Any CPU
		{B58E2152-B6A2-4720-981E-B95FDA47D929}.Debug|x86.ActiveCfg = Debug|Any CPU
		{B58E2152-B6A2-4720-981E-B95FDA47D929}.Debug|x86.Build.0 = Debug|Any CPU
		{B58E2152-B6A2-4720-981E-B95FDA47D929}.Release|Any CPU.ActiveCfg = Release|Any CPU
		{B58E2152-B6A2-4720-981E-B95FDA47D929}.Release|Any CPU.Build.0 = Release|Any CPU
		{B58E2152-B6A2-4720-981E-B95FDA47D929}.Release|x64.ActiveCfg = Release|Any CPU
		{B58E2152-B6A2-4720-981E-B95FDA47D929}.Release|x64.Build.0 = Release|Any CPU
		{B58E2152-B6A2-4720-981E-B95FDA47D929}.Release|x86.ActiveCfg = Release|Any CPU
		{B58E2152-B6A2-4720-981E-B95FDA47D929}.Release|x86.Build.0 = Release|Any CPU
		{F277CD98-2C66-4513-939D-05716B57AA94}.Debug|Any CPU.ActiveCfg = Debug|Any CPU
		{F277CD98-2C66-4513-939D-05716B57AA94}.Debug|Any CPU.Build.0 = Debug|Any CPU
		{F277CD98-2C66-4513-939D-05716B57AA94}.Debug|x64.ActiveCfg = Debug|Any CPU
		{F277CD98-2C66-4513-939D-05716B57AA94}.Debug|x64.Build.0 = Debug|Any CPU
		{F277CD98-2C66-4513-939D-05716B57AA94}.Debug|x86.ActiveCfg = Debug|Any CPU
		{F277CD98-2C66-4513-939D-05716B57AA94}.Debug|x86.Build.0 = Debug|Any CPU
		{F277CD98-2C66-4513-939D-05716B57AA94}.Release|Any CPU.ActiveCfg = Release|Any CPU
		{F277CD98-2C66-4513-939D-05716B57AA94}.Release|Any CPU.Build.0 = Release|Any CPU
		{F277CD98-2C66-4513-939D-05716B57AA94}.Release|x64.ActiveCfg = Release|Any CPU
		{F277CD98-2C66-4513-939D-05716B57AA94}.Release|x64.Build.0 = Release|Any CPU
		{F277CD98-2C66-4513-939D-05716B57AA94}.Release|x86.ActiveCfg = Release|Any CPU
		{F277CD98-2C66-4513-939D-05716B57AA94}.Release|x86.Build.0 = Release|Any CPU
		{1CCA09B2-BA06-47EB-9502-8D8DE72F030B}.Debug|Any CPU.ActiveCfg = Debug|Any CPU
		{1CCA09B2-BA06-47EB-9502-8D8DE72F030B}.Debug|Any CPU.Build.0 = Debug|Any CPU
		{1CCA09B2-BA06-47EB-9502-8D8DE72F030B}.Debug|x64.ActiveCfg = Debug|Any CPU
		{1CCA09B2-BA06-47EB-9502-8D8DE72F030B}.Debug|x64.Build.0 = Debug|Any CPU
		{1CCA09B2-BA06-47EB-9502-8D8DE72F030B}.Debug|x86.ActiveCfg = Debug|Any CPU
		{1CCA09B2-BA06-47EB-9502-8D8DE72F030B}.Debug|x86.Build.0 = Debug|Any CPU
		{1CCA09B2-BA06-47EB-9502-8D8DE72F030B}.Release|Any CPU.ActiveCfg = Release|Any CPU
		{1CCA09B2-BA06-47EB-9502-8D8DE72F030B}.Release|Any CPU.Build.0 = Release|Any CPU
		{1CCA09B2-BA06-47EB-9502-8D8DE72F030B}.Release|x64.ActiveCfg = Release|Any CPU
		{1CCA09B2-BA06-47EB-9502-8D8DE72F030B}.Release|x64.Build.0 = Release|Any CPU
		{1CCA09B2-BA06-47EB-9502-8D8DE72F030B}.Release|x86.ActiveCfg = Release|Any CPU
		{1CCA09B2-BA06-47EB-9502-8D8DE72F030B}.Release|x86.Build.0 = Release|Any CPU
		{97B2E2C5-8EA7-4C0E-99E1-F71B6F1FD41D}.Debug|Any CPU.ActiveCfg = Debug|Any CPU
		{97B2E2C5-8EA7-4C0E-99E1-F71B6F1FD41D}.Debug|Any CPU.Build.0 = Debug|Any CPU
		{97B2E2C5-8EA7-4C0E-99E1-F71B6F1FD41D}.Debug|x64.ActiveCfg = Debug|Any CPU
		{97B2E2C5-8EA7-4C0E-99E1-F71B6F1FD41D}.Debug|x64.Build.0 = Debug|Any CPU
		{97B2E2C5-8EA7-4C0E-99E1-F71B6F1FD41D}.Debug|x86.ActiveCfg = Debug|Any CPU
		{97B2E2C5-8EA7-4C0E-99E1-F71B6F1FD41D}.Debug|x86.Build.0 = Debug|Any CPU
		{97B2E2C5-8EA7-4C0E-99E1-F71B6F1FD41D}.Release|Any CPU.ActiveCfg = Release|Any CPU
		{97B2E2C5-8EA7-4C0E-99E1-F71B6F1FD41D}.Release|Any CPU.Build.0 = Release|Any CPU
		{97B2E2C5-8EA7-4C0E-99E1-F71B6F1FD41D}.Release|x64.ActiveCfg = Release|Any CPU
		{97B2E2C5-8EA7-4C0E-99E1-F71B6F1FD41D}.Release|x64.Build.0 = Release|Any CPU
		{97B2E2C5-8EA7-4C0E-99E1-F71B6F1FD41D}.Release|x86.ActiveCfg = Release|Any CPU
		{97B2E2C5-8EA7-4C0E-99E1-F71B6F1FD41D}.Release|x86.Build.0 = Release|Any CPU
		{A8B6F04C-D88D-4ACB-85B7-0013FB3529CF}.Debug|Any CPU.ActiveCfg = Debug|Any CPU
		{A8B6F04C-D88D-4ACB-85B7-0013FB3529CF}.Debug|Any CPU.Build.0 = Debug|Any CPU
		{A8B6F04C-D88D-4ACB-85B7-0013FB3529CF}.Debug|x64.ActiveCfg = Debug|Any CPU
		{A8B6F04C-D88D-4ACB-85B7-0013FB3529CF}.Debug|x64.Build.0 = Debug|Any CPU
		{A8B6F04C-D88D-4ACB-85B7-0013FB3529CF}.Debug|x86.ActiveCfg = Debug|Any CPU
		{A8B6F04C-D88D-4ACB-85B7-0013FB3529CF}.Debug|x86.Build.0 = Debug|Any CPU
		{A8B6F04C-D88D-4ACB-85B7-0013FB3529CF}.Release|Any CPU.ActiveCfg = Release|Any CPU
		{A8B6F04C-D88D-4ACB-85B7-0013FB3529CF}.Release|Any CPU.Build.0 = Release|Any CPU
		{A8B6F04C-D88D-4ACB-85B7-0013FB3529CF}.Release|x64.ActiveCfg = Release|Any CPU
		{A8B6F04C-D88D-4ACB-85B7-0013FB3529CF}.Release|x64.Build.0 = Release|Any CPU
		{A8B6F04C-D88D-4ACB-85B7-0013FB3529CF}.Release|x86.ActiveCfg = Release|Any CPU
		{A8B6F04C-D88D-4ACB-85B7-0013FB3529CF}.Release|x86.Build.0 = Release|Any CPU
		{4764965D-B4D5-4E43-ADEA-20803E7F3F17}.Debug|Any CPU.ActiveCfg = Debug|Any CPU
		{4764965D-B4D5-4E43-ADEA-20803E7F3F17}.Debug|Any CPU.Build.0 = Debug|Any CPU
		{4764965D-B4D5-4E43-ADEA-20803E7F3F17}.Debug|x64.ActiveCfg = Debug|Any CPU
		{4764965D-B4D5-4E43-ADEA-20803E7F3F17}.Debug|x64.Build.0 = Debug|Any CPU
		{4764965D-B4D5-4E43-ADEA-20803E7F3F17}.Debug|x86.ActiveCfg = Debug|Any CPU
		{4764965D-B4D5-4E43-ADEA-20803E7F3F17}.Debug|x86.Build.0 = Debug|Any CPU
		{4764965D-B4D5-4E43-ADEA-20803E7F3F17}.Release|Any CPU.ActiveCfg = Release|Any CPU
		{4764965D-B4D5-4E43-ADEA-20803E7F3F17}.Release|Any CPU.Build.0 = Release|Any CPU
		{4764965D-B4D5-4E43-ADEA-20803E7F3F17}.Release|x64.ActiveCfg = Release|Any CPU
		{4764965D-B4D5-4E43-ADEA-20803E7F3F17}.Release|x64.Build.0 = Release|Any CPU
		{4764965D-B4D5-4E43-ADEA-20803E7F3F17}.Release|x86.ActiveCfg = Release|Any CPU
		{4764965D-B4D5-4E43-ADEA-20803E7F3F17}.Release|x86.Build.0 = Release|Any CPU
		{22930D0F-BA49-4101-90C8-0BC319AEB53B}.Debug|Any CPU.ActiveCfg = Debug|Any CPU
		{22930D0F-BA49-4101-90C8-0BC319AEB53B}.Debug|Any CPU.Build.0 = Debug|Any CPU
		{22930D0F-BA49-4101-90C8-0BC319AEB53B}.Debug|x64.ActiveCfg = Debug|Any CPU
		{22930D0F-BA49-4101-90C8-0BC319AEB53B}.Debug|x64.Build.0 = Debug|Any CPU
		{22930D0F-BA49-4101-90C8-0BC319AEB53B}.Debug|x86.ActiveCfg = Debug|Any CPU
		{22930D0F-BA49-4101-90C8-0BC319AEB53B}.Debug|x86.Build.0 = Debug|Any CPU
		{22930D0F-BA49-4101-90C8-0BC319AEB53B}.Release|Any CPU.ActiveCfg = Release|Any CPU
		{22930D0F-BA49-4101-90C8-0BC319AEB53B}.Release|Any CPU.Build.0 = Release|Any CPU
		{22930D0F-BA49-4101-90C8-0BC319AEB53B}.Release|x64.ActiveCfg = Release|Any CPU
		{22930D0F-BA49-4101-90C8-0BC319AEB53B}.Release|x64.Build.0 = Release|Any CPU
		{22930D0F-BA49-4101-90C8-0BC319AEB53B}.Release|x86.ActiveCfg = Release|Any CPU
		{22930D0F-BA49-4101-90C8-0BC319AEB53B}.Release|x86.Build.0 = Release|Any CPU
		{05361BD7-9CDF-4E74-B41E-C9FF87BB110F}.Debug|Any CPU.ActiveCfg = Debug|Any CPU
		{05361BD7-9CDF-4E74-B41E-C9FF87BB110F}.Debug|Any CPU.Build.0 = Debug|Any CPU
		{05361BD7-9CDF-4E74-B41E-C9FF87BB110F}.Debug|x64.ActiveCfg = Debug|Any CPU
		{05361BD7-9CDF-4E74-B41E-C9FF87BB110F}.Debug|x64.Build.0 = Debug|Any CPU
		{05361BD7-9CDF-4E74-B41E-C9FF87BB110F}.Debug|x86.ActiveCfg = Debug|Any CPU
		{05361BD7-9CDF-4E74-B41E-C9FF87BB110F}.Debug|x86.Build.0 = Debug|Any CPU
		{05361BD7-9CDF-4E74-B41E-C9FF87BB110F}.Release|Any CPU.ActiveCfg = Release|Any CPU
		{05361BD7-9CDF-4E74-B41E-C9FF87BB110F}.Release|Any CPU.Build.0 = Release|Any CPU
		{05361BD7-9CDF-4E74-B41E-C9FF87BB110F}.Release|x64.ActiveCfg = Release|Any CPU
		{05361BD7-9CDF-4E74-B41E-C9FF87BB110F}.Release|x64.Build.0 = Release|Any CPU
		{05361BD7-9CDF-4E74-B41E-C9FF87BB110F}.Release|x86.ActiveCfg = Release|Any CPU
		{05361BD7-9CDF-4E74-B41E-C9FF87BB110F}.Release|x86.Build.0 = Release|Any CPU
		{B45FE1B5-5B33-48AD-A4DE-51F1D5566E12}.Debug|Any CPU.ActiveCfg = Debug|Any CPU
		{B45FE1B5-5B33-48AD-A4DE-51F1D5566E12}.Debug|Any CPU.Build.0 = Debug|Any CPU
		{B45FE1B5-5B33-48AD-A4DE-51F1D5566E12}.Debug|x64.ActiveCfg = Debug|Any CPU
		{B45FE1B5-5B33-48AD-A4DE-51F1D5566E12}.Debug|x64.Build.0 = Debug|Any CPU
		{B45FE1B5-5B33-48AD-A4DE-51F1D5566E12}.Debug|x86.ActiveCfg = Debug|Any CPU
		{B45FE1B5-5B33-48AD-A4DE-51F1D5566E12}.Debug|x86.Build.0 = Debug|Any CPU
		{B45FE1B5-5B33-48AD-A4DE-51F1D5566E12}.Release|Any CPU.ActiveCfg = Release|Any CPU
		{B45FE1B5-5B33-48AD-A4DE-51F1D5566E12}.Release|Any CPU.Build.0 = Release|Any CPU
		{B45FE1B5-5B33-48AD-A4DE-51F1D5566E12}.Release|x64.ActiveCfg = Release|Any CPU
		{B45FE1B5-5B33-48AD-A4DE-51F1D5566E12}.Release|x64.Build.0 = Release|Any CPU
		{B45FE1B5-5B33-48AD-A4DE-51F1D5566E12}.Release|x86.ActiveCfg = Release|Any CPU
		{B45FE1B5-5B33-48AD-A4DE-51F1D5566E12}.Release|x86.Build.0 = Release|Any CPU
		{1AECF3A0-6E88-4AA5-8A38-CD288C113277}.Debug|Any CPU.ActiveCfg = Debug|Any CPU
		{1AECF3A0-6E88-4AA5-8A38-CD288C113277}.Debug|Any CPU.Build.0 = Debug|Any CPU
		{1AECF3A0-6E88-4AA5-8A38-CD288C113277}.Debug|x64.ActiveCfg = Debug|Any CPU
		{1AECF3A0-6E88-4AA5-8A38-CD288C113277}.Debug|x64.Build.0 = Debug|Any CPU
		{1AECF3A0-6E88-4AA5-8A38-CD288C113277}.Debug|x86.ActiveCfg = Debug|Any CPU
		{1AECF3A0-6E88-4AA5-8A38-CD288C113277}.Debug|x86.Build.0 = Debug|Any CPU
		{1AECF3A0-6E88-4AA5-8A38-CD288C113277}.Release|Any CPU.ActiveCfg = Release|Any CPU
		{1AECF3A0-6E88-4AA5-8A38-CD288C113277}.Release|Any CPU.Build.0 = Release|Any CPU
		{1AECF3A0-6E88-4AA5-8A38-CD288C113277}.Release|x64.ActiveCfg = Release|Any CPU
		{1AECF3A0-6E88-4AA5-8A38-CD288C113277}.Release|x64.Build.0 = Release|Any CPU
		{1AECF3A0-6E88-4AA5-8A38-CD288C113277}.Release|x86.ActiveCfg = Release|Any CPU
		{1AECF3A0-6E88-4AA5-8A38-CD288C113277}.Release|x86.Build.0 = Release|Any CPU
		{C647990A-B9AA-484D-8170-A978B02D5991}.Debug|Any CPU.ActiveCfg = Debug|Any CPU
		{C647990A-B9AA-484D-8170-A978B02D5991}.Debug|Any CPU.Build.0 = Debug|Any CPU
		{C647990A-B9AA-484D-8170-A978B02D5991}.Debug|x64.ActiveCfg = Debug|Any CPU
		{C647990A-B9AA-484D-8170-A978B02D5991}.Debug|x64.Build.0 = Debug|Any CPU
		{C647990A-B9AA-484D-8170-A978B02D5991}.Debug|x86.ActiveCfg = Debug|Any CPU
		{C647990A-B9AA-484D-8170-A978B02D5991}.Debug|x86.Build.0 = Debug|Any CPU
		{C647990A-B9AA-484D-8170-A978B02D5991}.Release|Any CPU.ActiveCfg = Release|Any CPU
		{C647990A-B9AA-484D-8170-A978B02D5991}.Release|Any CPU.Build.0 = Release|Any CPU
		{C647990A-B9AA-484D-8170-A978B02D5991}.Release|x64.ActiveCfg = Release|Any CPU
		{C647990A-B9AA-484D-8170-A978B02D5991}.Release|x64.Build.0 = Release|Any CPU
		{C647990A-B9AA-484D-8170-A978B02D5991}.Release|x86.ActiveCfg = Release|Any CPU
		{C647990A-B9AA-484D-8170-A978B02D5991}.Release|x86.Build.0 = Release|Any CPU
		{B779213E-206B-40FD-8E58-4F521B149908}.Debug|Any CPU.ActiveCfg = Debug|Any CPU
		{B779213E-206B-40FD-8E58-4F521B149908}.Debug|Any CPU.Build.0 = Debug|Any CPU
		{B779213E-206B-40FD-8E58-4F521B149908}.Debug|x64.ActiveCfg = Debug|Any CPU
		{B779213E-206B-40FD-8E58-4F521B149908}.Debug|x64.Build.0 = Debug|Any CPU
		{B779213E-206B-40FD-8E58-4F521B149908}.Debug|x86.ActiveCfg = Debug|Any CPU
		{B779213E-206B-40FD-8E58-4F521B149908}.Debug|x86.Build.0 = Debug|Any CPU
		{B779213E-206B-40FD-8E58-4F521B149908}.Release|Any CPU.ActiveCfg = Release|Any CPU
		{B779213E-206B-40FD-8E58-4F521B149908}.Release|Any CPU.Build.0 = Release|Any CPU
		{B779213E-206B-40FD-8E58-4F521B149908}.Release|x64.ActiveCfg = Release|Any CPU
		{B779213E-206B-40FD-8E58-4F521B149908}.Release|x64.Build.0 = Release|Any CPU
		{B779213E-206B-40FD-8E58-4F521B149908}.Release|x86.ActiveCfg = Release|Any CPU
		{B779213E-206B-40FD-8E58-4F521B149908}.Release|x86.Build.0 = Release|Any CPU
		{31E6640F-F05C-418F-A843-F007A40449ED}.Debug|Any CPU.ActiveCfg = Debug|Any CPU
		{31E6640F-F05C-418F-A843-F007A40449ED}.Debug|Any CPU.Build.0 = Debug|Any CPU
		{31E6640F-F05C-418F-A843-F007A40449ED}.Debug|x64.ActiveCfg = Debug|Any CPU
		{31E6640F-F05C-418F-A843-F007A40449ED}.Debug|x64.Build.0 = Debug|Any CPU
		{31E6640F-F05C-418F-A843-F007A40449ED}.Debug|x86.ActiveCfg = Debug|Any CPU
		{31E6640F-F05C-418F-A843-F007A40449ED}.Debug|x86.Build.0 = Debug|Any CPU
		{31E6640F-F05C-418F-A843-F007A40449ED}.Release|Any CPU.ActiveCfg = Release|Any CPU
		{31E6640F-F05C-418F-A843-F007A40449ED}.Release|Any CPU.Build.0 = Release|Any CPU
		{31E6640F-F05C-418F-A843-F007A40449ED}.Release|x64.ActiveCfg = Release|Any CPU
		{31E6640F-F05C-418F-A843-F007A40449ED}.Release|x64.Build.0 = Release|Any CPU
		{31E6640F-F05C-418F-A843-F007A40449ED}.Release|x86.ActiveCfg = Release|Any CPU
		{31E6640F-F05C-418F-A843-F007A40449ED}.Release|x86.Build.0 = Release|Any CPU
		{26396F34-3118-4B13-B81B-3D2DF9C5F04B}.Debug|Any CPU.ActiveCfg = Debug|Any CPU
		{26396F34-3118-4B13-B81B-3D2DF9C5F04B}.Debug|Any CPU.Build.0 = Debug|Any CPU
		{26396F34-3118-4B13-B81B-3D2DF9C5F04B}.Debug|x64.ActiveCfg = Debug|Any CPU
		{26396F34-3118-4B13-B81B-3D2DF9C5F04B}.Debug|x64.Build.0 = Debug|Any CPU
		{26396F34-3118-4B13-B81B-3D2DF9C5F04B}.Debug|x86.ActiveCfg = Debug|Any CPU
		{26396F34-3118-4B13-B81B-3D2DF9C5F04B}.Debug|x86.Build.0 = Debug|Any CPU
		{26396F34-3118-4B13-B81B-3D2DF9C5F04B}.Release|Any CPU.ActiveCfg = Release|Any CPU
		{26396F34-3118-4B13-B81B-3D2DF9C5F04B}.Release|Any CPU.Build.0 = Release|Any CPU
		{26396F34-3118-4B13-B81B-3D2DF9C5F04B}.Release|x64.ActiveCfg = Release|Any CPU
		{26396F34-3118-4B13-B81B-3D2DF9C5F04B}.Release|x64.Build.0 = Release|Any CPU
		{26396F34-3118-4B13-B81B-3D2DF9C5F04B}.Release|x86.ActiveCfg = Release|Any CPU
		{26396F34-3118-4B13-B81B-3D2DF9C5F04B}.Release|x86.Build.0 = Release|Any CPU
		{B9D374B2-30AA-44A8-A05E-F41FFBB0E852}.Debug|Any CPU.ActiveCfg = Debug|Any CPU
		{B9D374B2-30AA-44A8-A05E-F41FFBB0E852}.Debug|Any CPU.Build.0 = Debug|Any CPU
		{B9D374B2-30AA-44A8-A05E-F41FFBB0E852}.Debug|x64.ActiveCfg = Debug|Any CPU
		{B9D374B2-30AA-44A8-A05E-F41FFBB0E852}.Debug|x64.Build.0 = Debug|Any CPU
		{B9D374B2-30AA-44A8-A05E-F41FFBB0E852}.Debug|x86.ActiveCfg = Debug|Any CPU
		{B9D374B2-30AA-44A8-A05E-F41FFBB0E852}.Debug|x86.Build.0 = Debug|Any CPU
		{B9D374B2-30AA-44A8-A05E-F41FFBB0E852}.Release|Any CPU.ActiveCfg = Release|Any CPU
		{B9D374B2-30AA-44A8-A05E-F41FFBB0E852}.Release|Any CPU.Build.0 = Release|Any CPU
		{B9D374B2-30AA-44A8-A05E-F41FFBB0E852}.Release|x64.ActiveCfg = Release|Any CPU
		{B9D374B2-30AA-44A8-A05E-F41FFBB0E852}.Release|x64.Build.0 = Release|Any CPU
		{B9D374B2-30AA-44A8-A05E-F41FFBB0E852}.Release|x86.ActiveCfg = Release|Any CPU
		{B9D374B2-30AA-44A8-A05E-F41FFBB0E852}.Release|x86.Build.0 = Release|Any CPU
		{2C9CBD0E-5AFB-4723-BDE2-C15D775A7049}.Debug|Any CPU.ActiveCfg = Debug|Any CPU
		{2C9CBD0E-5AFB-4723-BDE2-C15D775A7049}.Debug|Any CPU.Build.0 = Debug|Any CPU
		{2C9CBD0E-5AFB-4723-BDE2-C15D775A7049}.Debug|x64.ActiveCfg = Debug|Any CPU
		{2C9CBD0E-5AFB-4723-BDE2-C15D775A7049}.Debug|x64.Build.0 = Debug|Any CPU
		{2C9CBD0E-5AFB-4723-BDE2-C15D775A7049}.Debug|x86.ActiveCfg = Debug|Any CPU
		{2C9CBD0E-5AFB-4723-BDE2-C15D775A7049}.Debug|x86.Build.0 = Debug|Any CPU
		{2C9CBD0E-5AFB-4723-BDE2-C15D775A7049}.Release|Any CPU.ActiveCfg = Release|Any CPU
		{2C9CBD0E-5AFB-4723-BDE2-C15D775A7049}.Release|Any CPU.Build.0 = Release|Any CPU
		{2C9CBD0E-5AFB-4723-BDE2-C15D775A7049}.Release|x64.ActiveCfg = Release|Any CPU
		{2C9CBD0E-5AFB-4723-BDE2-C15D775A7049}.Release|x64.Build.0 = Release|Any CPU
		{2C9CBD0E-5AFB-4723-BDE2-C15D775A7049}.Release|x86.ActiveCfg = Release|Any CPU
		{2C9CBD0E-5AFB-4723-BDE2-C15D775A7049}.Release|x86.Build.0 = Release|Any CPU
		{91D4122E-3DEA-420C-BDAC-7D0A19010CC3}.Debug|Any CPU.ActiveCfg = Debug|Any CPU
		{91D4122E-3DEA-420C-BDAC-7D0A19010CC3}.Debug|Any CPU.Build.0 = Debug|Any CPU
		{91D4122E-3DEA-420C-BDAC-7D0A19010CC3}.Debug|x64.ActiveCfg = Debug|Any CPU
		{91D4122E-3DEA-420C-BDAC-7D0A19010CC3}.Debug|x64.Build.0 = Debug|Any CPU
		{91D4122E-3DEA-420C-BDAC-7D0A19010CC3}.Debug|x86.ActiveCfg = Debug|Any CPU
		{91D4122E-3DEA-420C-BDAC-7D0A19010CC3}.Debug|x86.Build.0 = Debug|Any CPU
		{91D4122E-3DEA-420C-BDAC-7D0A19010CC3}.Release|Any CPU.ActiveCfg = Release|Any CPU
		{91D4122E-3DEA-420C-BDAC-7D0A19010CC3}.Release|Any CPU.Build.0 = Release|Any CPU
		{91D4122E-3DEA-420C-BDAC-7D0A19010CC3}.Release|x64.ActiveCfg = Release|Any CPU
		{91D4122E-3DEA-420C-BDAC-7D0A19010CC3}.Release|x64.Build.0 = Release|Any CPU
		{91D4122E-3DEA-420C-BDAC-7D0A19010CC3}.Release|x86.ActiveCfg = Release|Any CPU
		{91D4122E-3DEA-420C-BDAC-7D0A19010CC3}.Release|x86.Build.0 = Release|Any CPU
		{906F4674-D2B0-49AC-B04E-B3E6B7007DEE}.Debug|Any CPU.ActiveCfg = Debug|Any CPU
		{906F4674-D2B0-49AC-B04E-B3E6B7007DEE}.Debug|Any CPU.Build.0 = Debug|Any CPU
		{906F4674-D2B0-49AC-B04E-B3E6B7007DEE}.Debug|x64.ActiveCfg = Debug|Any CPU
		{906F4674-D2B0-49AC-B04E-B3E6B7007DEE}.Debug|x64.Build.0 = Debug|Any CPU
		{906F4674-D2B0-49AC-B04E-B3E6B7007DEE}.Debug|x86.ActiveCfg = Debug|Any CPU
		{906F4674-D2B0-49AC-B04E-B3E6B7007DEE}.Debug|x86.Build.0 = Debug|Any CPU
		{906F4674-D2B0-49AC-B04E-B3E6B7007DEE}.Release|Any CPU.ActiveCfg = Release|Any CPU
		{906F4674-D2B0-49AC-B04E-B3E6B7007DEE}.Release|Any CPU.Build.0 = Release|Any CPU
		{906F4674-D2B0-49AC-B04E-B3E6B7007DEE}.Release|x64.ActiveCfg = Release|Any CPU
		{906F4674-D2B0-49AC-B04E-B3E6B7007DEE}.Release|x64.Build.0 = Release|Any CPU
		{906F4674-D2B0-49AC-B04E-B3E6B7007DEE}.Release|x86.ActiveCfg = Release|Any CPU
		{906F4674-D2B0-49AC-B04E-B3E6B7007DEE}.Release|x86.Build.0 = Release|Any CPU
		{275DEF80-C1D7-4B27-A9F4-EDAFA454F734}.Debug|Any CPU.ActiveCfg = Debug|Any CPU
		{275DEF80-C1D7-4B27-A9F4-EDAFA454F734}.Debug|Any CPU.Build.0 = Debug|Any CPU
		{275DEF80-C1D7-4B27-A9F4-EDAFA454F734}.Debug|x64.ActiveCfg = Debug|Any CPU
		{275DEF80-C1D7-4B27-A9F4-EDAFA454F734}.Debug|x64.Build.0 = Debug|Any CPU
		{275DEF80-C1D7-4B27-A9F4-EDAFA454F734}.Debug|x86.ActiveCfg = Debug|Any CPU
		{275DEF80-C1D7-4B27-A9F4-EDAFA454F734}.Debug|x86.Build.0 = Debug|Any CPU
		{275DEF80-C1D7-4B27-A9F4-EDAFA454F734}.Release|Any CPU.ActiveCfg = Release|Any CPU
		{275DEF80-C1D7-4B27-A9F4-EDAFA454F734}.Release|Any CPU.Build.0 = Release|Any CPU
		{275DEF80-C1D7-4B27-A9F4-EDAFA454F734}.Release|x64.ActiveCfg = Release|Any CPU
		{275DEF80-C1D7-4B27-A9F4-EDAFA454F734}.Release|x64.Build.0 = Release|Any CPU
		{275DEF80-C1D7-4B27-A9F4-EDAFA454F734}.Release|x86.ActiveCfg = Release|Any CPU
		{275DEF80-C1D7-4B27-A9F4-EDAFA454F734}.Release|x86.Build.0 = Release|Any CPU
		{D785B158-09A0-4FBF-B7BC-BBF10314FBF3}.Debug|Any CPU.ActiveCfg = Debug|Any CPU
		{D785B158-09A0-4FBF-B7BC-BBF10314FBF3}.Debug|Any CPU.Build.0 = Debug|Any CPU
		{D785B158-09A0-4FBF-B7BC-BBF10314FBF3}.Debug|x64.ActiveCfg = Debug|Any CPU
		{D785B158-09A0-4FBF-B7BC-BBF10314FBF3}.Debug|x64.Build.0 = Debug|Any CPU
		{D785B158-09A0-4FBF-B7BC-BBF10314FBF3}.Debug|x86.ActiveCfg = Debug|Any CPU
		{D785B158-09A0-4FBF-B7BC-BBF10314FBF3}.Debug|x86.Build.0 = Debug|Any CPU
		{D785B158-09A0-4FBF-B7BC-BBF10314FBF3}.Release|Any CPU.ActiveCfg = Release|Any CPU
		{D785B158-09A0-4FBF-B7BC-BBF10314FBF3}.Release|Any CPU.Build.0 = Release|Any CPU
		{D785B158-09A0-4FBF-B7BC-BBF10314FBF3}.Release|x64.ActiveCfg = Release|Any CPU
		{D785B158-09A0-4FBF-B7BC-BBF10314FBF3}.Release|x64.Build.0 = Release|Any CPU
		{D785B158-09A0-4FBF-B7BC-BBF10314FBF3}.Release|x86.ActiveCfg = Release|Any CPU
		{D785B158-09A0-4FBF-B7BC-BBF10314FBF3}.Release|x86.Build.0 = Release|Any CPU
		{852A8B6A-BF96-4856-AB1D-93DC0394AE4D}.Debug|Any CPU.ActiveCfg = Debug|Any CPU
		{852A8B6A-BF96-4856-AB1D-93DC0394AE4D}.Debug|Any CPU.Build.0 = Debug|Any CPU
		{852A8B6A-BF96-4856-AB1D-93DC0394AE4D}.Debug|x64.ActiveCfg = Debug|Any CPU
		{852A8B6A-BF96-4856-AB1D-93DC0394AE4D}.Debug|x64.Build.0 = Debug|Any CPU
		{852A8B6A-BF96-4856-AB1D-93DC0394AE4D}.Debug|x86.ActiveCfg = Debug|Any CPU
		{852A8B6A-BF96-4856-AB1D-93DC0394AE4D}.Debug|x86.Build.0 = Debug|Any CPU
		{852A8B6A-BF96-4856-AB1D-93DC0394AE4D}.Release|Any CPU.ActiveCfg = Release|Any CPU
		{852A8B6A-BF96-4856-AB1D-93DC0394AE4D}.Release|Any CPU.Build.0 = Release|Any CPU
		{852A8B6A-BF96-4856-AB1D-93DC0394AE4D}.Release|x64.ActiveCfg = Release|Any CPU
		{852A8B6A-BF96-4856-AB1D-93DC0394AE4D}.Release|x64.Build.0 = Release|Any CPU
		{852A8B6A-BF96-4856-AB1D-93DC0394AE4D}.Release|x86.ActiveCfg = Release|Any CPU
		{852A8B6A-BF96-4856-AB1D-93DC0394AE4D}.Release|x86.Build.0 = Release|Any CPU
		{109B3FE9-566D-470B-B22B-70F889B797D4}.Debug|Any CPU.ActiveCfg = Debug|Any CPU
		{109B3FE9-566D-470B-B22B-70F889B797D4}.Debug|Any CPU.Build.0 = Debug|Any CPU
		{109B3FE9-566D-470B-B22B-70F889B797D4}.Debug|x64.ActiveCfg = Debug|Any CPU
		{109B3FE9-566D-470B-B22B-70F889B797D4}.Debug|x64.Build.0 = Debug|Any CPU
		{109B3FE9-566D-470B-B22B-70F889B797D4}.Debug|x86.ActiveCfg = Debug|Any CPU
		{109B3FE9-566D-470B-B22B-70F889B797D4}.Debug|x86.Build.0 = Debug|Any CPU
		{109B3FE9-566D-470B-B22B-70F889B797D4}.Release|Any CPU.ActiveCfg = Release|Any CPU
		{109B3FE9-566D-470B-B22B-70F889B797D4}.Release|Any CPU.Build.0 = Release|Any CPU
		{109B3FE9-566D-470B-B22B-70F889B797D4}.Release|x64.ActiveCfg = Release|Any CPU
		{109B3FE9-566D-470B-B22B-70F889B797D4}.Release|x64.Build.0 = Release|Any CPU
		{109B3FE9-566D-470B-B22B-70F889B797D4}.Release|x86.ActiveCfg = Release|Any CPU
		{109B3FE9-566D-470B-B22B-70F889B797D4}.Release|x86.Build.0 = Release|Any CPU
	EndGlobalSection
	GlobalSection(SolutionProperties) = preSolution
		HideSolutionNode = FALSE
	EndGlobalSection
	GlobalSection(NestedProjects) = preSolution
		{B8A726BE-802D-4CED-9139-90DE2F4E246A} = {827E0CD3-B72D-47B6-A68D-7590B98EB39B}
		{7632630B-4D15-46D3-6515-E2CE0555A302} = {827E0CD3-B72D-47B6-A68D-7590B98EB39B}
		{307A867F-7D94-4FA5-A80E-9B76BD6EF2A7} = {7632630B-4D15-46D3-6515-E2CE0555A302}
		{1DB16392-F8C2-4789-9CEB-7F42843AD923} = {7632630B-4D15-46D3-6515-E2CE0555A302}
		{E7797323-FC99-44F3-B1BF-B26FBFE9806A} = {7632630B-4D15-46D3-6515-E2CE0555A302}
		{A8B27417-A550-F4B5-D790-1CC34E509D4B} = {827E0CD3-B72D-47B6-A68D-7590B98EB39B}
		{9C252668-D7E4-47DE-9D67-943702272F61} = {A8B27417-A550-F4B5-D790-1CC34E509D4B}
		{0EDF0807-45BE-4F22-9275-556A52A7EBDB} = {A8B27417-A550-F4B5-D790-1CC34E509D4B}
		{F20EDA51-C045-40A7-9ECD-6744DFF4706A} = {A8B27417-A550-F4B5-D790-1CC34E509D4B}
		{35A30F4F-5AD9-7020-F005-9FCD52F91FBD} = {827E0CD3-B72D-47B6-A68D-7590B98EB39B}
		{69761A60-73C7-4AB3-ACE0-950B4B35ADC9} = {35A30F4F-5AD9-7020-F005-9FCD52F91FBD}
		{B3E6DA41-BD75-424E-8072-03FA0E90EE21} = {35A30F4F-5AD9-7020-F005-9FCD52F91FBD}
		{8434BA51-D7D2-4B0A-8004-6F43E82C3FE0} = {35A30F4F-5AD9-7020-F005-9FCD52F91FBD}
		{F5EEC540-47DF-A31D-1FFF-F5BA6ADE97F2} = {827E0CD3-B72D-47B6-A68D-7590B98EB39B}
		{2F634234-9C58-44C6-AE61-7065F4D9776A} = {F5EEC540-47DF-A31D-1FFF-F5BA6ADE97F2}
		{8A19183A-09CC-45F6-9E13-67C75F49E6F3} = {F5EEC540-47DF-A31D-1FFF-F5BA6ADE97F2}
		{69783B42-F52C-4C55-88BE-BD921C85EB04} = {F5EEC540-47DF-A31D-1FFF-F5BA6ADE97F2}
		{E587810E-5C94-DF75-D9FE-C11C32E9F953} = {827E0CD3-B72D-47B6-A68D-7590B98EB39B}
		{482B383D-974B-4AEB-9B33-6A3DB558E436} = {E587810E-5C94-DF75-D9FE-C11C32E9F953}
		{4736B535-087E-46F1-956D-72A6F001E10C} = {E587810E-5C94-DF75-D9FE-C11C32E9F953}
		{29EC45C4-72E1-4942-9E0D-88611A1DF4E2} = {E587810E-5C94-DF75-D9FE-C11C32E9F953}
		{B373314E-EC9C-9BAB-3AC1-C83B51DA2E4D} = {827E0CD3-B72D-47B6-A68D-7590B98EB39B}
		{1EAA9F62-A23B-465D-AF29-AA6FB4A0BFAD} = {B373314E-EC9C-9BAB-3AC1-C83B51DA2E4D}
		{1F6FC876-F806-4AA9-B63F-92FACA2A2F8A} = {B373314E-EC9C-9BAB-3AC1-C83B51DA2E4D}
		{B8AEF7FF-AD3F-490E-9F05-D2E1D5A87B0B} = {B373314E-EC9C-9BAB-3AC1-C83B51DA2E4D}
		{011F9A2C-8D9B-95E7-C054-82D934B6724E} = {827E0CD3-B72D-47B6-A68D-7590B98EB39B}
		{11EB9375-DF8A-463F-9E26-B6CA4F11366E} = {011F9A2C-8D9B-95E7-C054-82D934B6724E}
		{DF33FF15-0D62-4C72-803A-88E2AAE236E0} = {011F9A2C-8D9B-95E7-C054-82D934B6724E}
		{676BE033-BB7C-4419-B068-B6BDAF9D5D2B} = {011F9A2C-8D9B-95E7-C054-82D934B6724E}
		{257B30B3-2BB9-D379-B394-A0CBD5E836A3} = {827E0CD3-B72D-47B6-A68D-7590B98EB39B}
		{D05EB509-6E10-49E5-8605-25303E431EA1} = {257B30B3-2BB9-D379-B394-A0CBD5E836A3}
		{7E1C75E6-4079-425C-AD3E-FDDE3B262D79} = {257B30B3-2BB9-D379-B394-A0CBD5E836A3}
		{430C1F04-91DA-4917-8999-0C38E3045267} = {257B30B3-2BB9-D379-B394-A0CBD5E836A3}
		{27CFAA2E-DB9F-001C-69DA-2F4AAAA5298E} = {827E0CD3-B72D-47B6-A68D-7590B98EB39B}
		{BE077A89-E277-4FAE-8D3D-7378FED14BF2} = {27CFAA2E-DB9F-001C-69DA-2F4AAAA5298E}
		{B7308E42-70C4-43A0-BAE1-D46334799E28} = {27CFAA2E-DB9F-001C-69DA-2F4AAAA5298E}
		{ED3A0820-2FB3-4360-B45D-6AAE4D1E28BD} = {27CFAA2E-DB9F-001C-69DA-2F4AAAA5298E}
		{5A889923-46CF-099C-1212-DBA4BE51EDEB} = {827E0CD3-B72D-47B6-A68D-7590B98EB39B}
		{04686325-3430-492C-826E-B9B5A01E5B80} = {5A889923-46CF-099C-1212-DBA4BE51EDEB}
		{12E59349-E958-4D36-97E0-2E28E13C0F8A} = {5A889923-46CF-099C-1212-DBA4BE51EDEB}
		{322649F9-6A7D-4244-9062-F42122DA6A25} = {5A889923-46CF-099C-1212-DBA4BE51EDEB}
		{7E50BA02-A1B6-5CFC-EB43-C74CD4CB8479} = {827E0CD3-B72D-47B6-A68D-7590B98EB39B}
		{E34F8F80-8475-4F64-BE7A-C2A461B1A3EE} = {7E50BA02-A1B6-5CFC-EB43-C74CD4CB8479}
		{F674A292-7992-43B3-9A6A-C003914120B0} = {7E50BA02-A1B6-5CFC-EB43-C74CD4CB8479}
		{B9A483EE-C414-48F9-9BD3-0FF2129A9F3F} = {7E50BA02-A1B6-5CFC-EB43-C74CD4CB8479}
		{97B2BEE4-11AD-4585-8F48-985634958CDF} = {0AB3BF05-4346-4AA6-1389-037BE0695223}
		{74D4BDE5-6A13-4216-A9DB-AE6F727B86E9} = {0AB3BF05-4346-4AA6-1389-037BE0695223}
		{3CD1E107-0C00-4A59-BE72-C2EE9C8C8669} = {0AB3BF05-4346-4AA6-1389-037BE0695223}
		{B71FEF85-7AAC-4DF7-BFE0-60A6052AF459} = {0AB3BF05-4346-4AA6-1389-037BE0695223}
		{09EDC75E-7CDD-40AD-ADF9-179683909A43} = {0AB3BF05-4346-4AA6-1389-037BE0695223}
		{F83264BC-94EC-41B1-8134-28FEE79EFE28} = {0AB3BF05-4346-4AA6-1389-037BE0695223}
		{2C971907-A3A2-4439-95C7-3436AC9446A1} = {0AB3BF05-4346-4AA6-1389-037BE0695223}
		{B802E276-A6A2-4196-93D4-B1803DF42D46} = {0AB3BF05-4346-4AA6-1389-037BE0695223}
		{B35368E2-4021-4B0E-B76D-28A78B31354C} = {0AB3BF05-4346-4AA6-1389-037BE0695223}
		{02A8F306-A782-408A-B137-87020FE5A0D9} = {0AB3BF05-4346-4AA6-1389-037BE0695223}
		{BEC93CEB-8872-43F3-B3C2-2AA6ABEEF857} = {0AB3BF05-4346-4AA6-1389-037BE0695223}
		{EF54A406-AA7C-4939-A44B-3FBC5571BE0B} = {0AB3BF05-4346-4AA6-1389-037BE0695223}
		{C0256CAA-98CB-4C41-8A7F-7E6530BFD36E} = {0AB3BF05-4346-4AA6-1389-037BE0695223}
		{5F6170A8-F9E0-4B17-901B-D5695D745936} = {0AB3BF05-4346-4AA6-1389-037BE0695223}
		{B58E2152-B6A2-4720-981E-B95FDA47D929} = {0AB3BF05-4346-4AA6-1389-037BE0695223}
		{F277CD98-2C66-4513-939D-05716B57AA94} = {0AB3BF05-4346-4AA6-1389-037BE0695223}
		{1CCA09B2-BA06-47EB-9502-8D8DE72F030B} = {0AB3BF05-4346-4AA6-1389-037BE0695223}
		{97B2E2C5-8EA7-4C0E-99E1-F71B6F1FD41D} = {0AB3BF05-4346-4AA6-1389-037BE0695223}
		{A8B6F04C-D88D-4ACB-85B7-0013FB3529CF} = {0AB3BF05-4346-4AA6-1389-037BE0695223}
		{4764965D-B4D5-4E43-ADEA-20803E7F3F17} = {0AB3BF05-4346-4AA6-1389-037BE0695223}
		{22930D0F-BA49-4101-90C8-0BC319AEB53B} = {0AB3BF05-4346-4AA6-1389-037BE0695223}
		{05361BD7-9CDF-4E74-B41E-C9FF87BB110F} = {0AB3BF05-4346-4AA6-1389-037BE0695223}
		{B45FE1B5-5B33-48AD-A4DE-51F1D5566E12} = {0AB3BF05-4346-4AA6-1389-037BE0695223}
		{1AECF3A0-6E88-4AA5-8A38-CD288C113277} = {0AB3BF05-4346-4AA6-1389-037BE0695223}
		{C647990A-B9AA-484D-8170-A978B02D5991} = {0AB3BF05-4346-4AA6-1389-037BE0695223}
		{B779213E-206B-40FD-8E58-4F521B149908} = {0AB3BF05-4346-4AA6-1389-037BE0695223}
		{31E6640F-F05C-418F-A843-F007A40449ED} = {0AB3BF05-4346-4AA6-1389-037BE0695223}
		{26396F34-3118-4B13-B81B-3D2DF9C5F04B} = {0AB3BF05-4346-4AA6-1389-037BE0695223}
		{B9D374B2-30AA-44A8-A05E-F41FFBB0E852} = {0AB3BF05-4346-4AA6-1389-037BE0695223}
		{2C9CBD0E-5AFB-4723-BDE2-C15D775A7049} = {0AB3BF05-4346-4AA6-1389-037BE0695223}
		{91D4122E-3DEA-420C-BDAC-7D0A19010CC3} = {0AB3BF05-4346-4AA6-1389-037BE0695223}
		{906F4674-D2B0-49AC-B04E-B3E6B7007DEE} = {0AB3BF05-4346-4AA6-1389-037BE0695223}
		{275DEF80-C1D7-4B27-A9F4-EDAFA454F734} = {0AB3BF05-4346-4AA6-1389-037BE0695223}
		{D785B158-09A0-4FBF-B7BC-BBF10314FBF3} = {0AB3BF05-4346-4AA6-1389-037BE0695223}
		{852A8B6A-BF96-4856-AB1D-93DC0394AE4D} = {827E0CD3-B72D-47B6-A68D-7590B98EB39B}
		{109B3FE9-566D-470B-B22B-70F889B797D4} = {0AB3BF05-4346-4AA6-1389-037BE0695223}
	EndGlobalSection
EndGlobal
